// !$*UTF8*$!
{
	archiveVersion = 1;
	classes = {
	};
	objectVersion = 46;
	objects = {

/* Begin PBXBuildFile section */
		021AE68EB84BEAD7260E9DEF /* gl_program.cpp in Sources */ = {isa = PBXBuildFile; fileRef = 43C880664744B04D2D546BE4 /* gl_program.cpp */; };
		16D0EC3299333EBD6FC973D5 /* arctic_platform_pi_sound.cpp in Sources */ = {isa = PBXBuildFile; fileRef = 3AAD19A84CA5E93E9506D4D5 /* arctic_platform_pi_sound.cpp */; };
		191571C4AFED182F69297E08 /* arctic_platform_pi_tcpip.cpp in Sources */ = {isa = PBXBuildFile; fileRef = 18FBD0BEF179EDEF5F874007 /* arctic_platform_pi_tcpip.cpp */; };
		1A65FF3E5CACD769EA00BAC6 /* gl_buffer.cpp in Sources */ = {isa = PBXBuildFile; fileRef = F5A1BCA4CE7F984CBA4BF577 /* gl_buffer.cpp */; };
		1A8FE45737FCAF7A6DCCC81D /* gl_framebuffer.cpp in Sources */ = {isa = PBXBuildFile; fileRef = BF0C640BD461459750A995E5 /* gl_framebuffer.cpp */; };
		291EA3F02FC72C957006BCD1 /* arctic_platform_pi_opengl_glx.cpp in Sources */ = {isa = PBXBuildFile; fileRef = 89B9D3E513F6D277ADD84965 /* arctic_platform_pi_opengl_glx.cpp */; };
		34436CFE1F642A66004DD16E /* Assets.xcassets in Resources */ = {isa = PBXBuildFile; fileRef = 34436CFD1F642A66004DD16E /* Assets.xcassets */; };
		34436D0F1F6431CD004DD16E /* Cocoa.framework in Frameworks */ = {isa = PBXBuildFile; fileRef = 34436D0E1F6431CD004DD16E /* Cocoa.framework */; settings = {ATTRIBUTES = (Required, ); }; };
		34436D111F6431D3004DD16E /* OpenGL.framework in Frameworks */ = {isa = PBXBuildFile; fileRef = 34436D101F6431D3004DD16E /* OpenGL.framework */; settings = {ATTRIBUTES = (Required, ); }; };
		346399371F7C93AB007E37F2 /* AudioToolbox.framework in Frameworks */ = {isa = PBXBuildFile; fileRef = 346399361F7C93AB007E37F2 /* AudioToolbox.framework */; };
		346FB0DC201EA50000CAD8E5 /* log.cpp in Sources */ = {isa = PBXBuildFile; fileRef = 346FB0DB201EA50000CAD8E5 /* log.cpp */; };
		34A37FDC1F68AD73005ACF7B /* arctic_platform_windows.cpp in Sources */ = {isa = PBXBuildFile; fileRef = 34A37FB41F68AD73005ACF7B /* arctic_platform_windows.cpp */; };
		34A37FDD1F68AD73005ACF7B /* easy.cpp in Sources */ = {isa = PBXBuildFile; fileRef = 34A37FB61F68AD73005ACF7B /* easy.cpp */; };
		34A37FDE1F68AD73005ACF7B /* arctic_platform_macosx.mm in Sources */ = {isa = PBXBuildFile; fileRef = 34A37FB71F68AD73005ACF7B /* arctic_platform_macosx.mm */; };
		34A37FDF1F68AD73005ACF7B /* easy_sprite.cpp in Sources */ = {isa = PBXBuildFile; fileRef = 34A37FB81F68AD73005ACF7B /* easy_sprite.cpp */; };
		34A37FE01F68AD73005ACF7B /* easy_sprite_instance.cpp in Sources */ = {isa = PBXBuildFile; fileRef = 34A37FBD1F68AD73005ACF7B /* easy_sprite_instance.cpp */; };
		34A37FE11F68AD73005ACF7B /* engine.cpp in Sources */ = {isa = PBXBuildFile; fileRef = 34A37FBE1F68AD73005ACF7B /* engine.cpp */; };
		34A37FE21F68AD73005ACF7B /* easy_sound_instance.cpp in Sources */ = {isa = PBXBuildFile; fileRef = 34A37FBF1F68AD73005ACF7B /* easy_sound_instance.cpp */; };
		34A37FE31F68AD73005ACF7B /* easy_sound.cpp in Sources */ = {isa = PBXBuildFile; fileRef = 34A37FC11F68AD73005ACF7B /* easy_sound.cpp */; };
		34A37FE51F68AD73005ACF7B /* arctic_input.cpp in Sources */ = {isa = PBXBuildFile; fileRef = 34A37FD21F68AD73005ACF7B /* arctic_input.cpp */; };
		34A37FE61F68AD73005ACF7B /* arctic_math.cpp in Sources */ = {isa = PBXBuildFile; fileRef = 34A37FD81F68AD73005ACF7B /* arctic_math.cpp */; };
		34AA9D3A25F560F50017F271 /* GameController.framework in Frameworks */ = {isa = PBXBuildFile; fileRef = 34AA9D3925F560F50017F271 /* GameController.framework */; };
		34C1595A200199EF0029160F /* font.cpp in Sources */ = {isa = PBXBuildFile; fileRef = 34C15959200199EF0029160F /* font.cpp */; };
		34C1597B20019B5C0029160F /* data in Resources */ = {isa = PBXBuildFile; fileRef = 34C1597920019B5C0029160F /* data */; };
		34C1597C20019B5C0029160F /* main.cpp in Sources */ = {isa = PBXBuildFile; fileRef = 34C1597A20019B5C0029160F /* main.cpp */; };
		3B611E8E7186FC1878DFB9DB /* arctic_mixer.cpp in Sources */ = {isa = PBXBuildFile; fileRef = 5D95EE41502E4729E0A41707 /* arctic_mixer.cpp */; };
		421BFD58CD317304A958E59A /* arctic_platform_pi_fatal.cpp in Sources */ = {isa = PBXBuildFile; fileRef = 06557CE7F205D077B48A7CFE /* arctic_platform_pi_fatal.cpp */; };
		55B04DF74A2B0F8112DD4B8B /* arctic_platform_pi_es_egl.cpp in Sources */ = {isa = PBXBuildFile; fileRef = EC9EE48653324AE5495E2A81 /* arctic_platform_pi_es_egl.cpp */; };
		600FC592CD859FD28C4A24DB /* mtq_fixed_block_queue.cpp in Sources */ = {isa = PBXBuildFile; fileRef = 2400E189BC1C2EC421BDB487 /* mtq_fixed_block_queue.cpp */; };
		609360942A723CF65F4CD8DC /* arctic_platform_windows_sound.cpp in Sources */ = {isa = PBXBuildFile; fileRef = 64E61EB46475BE13FBE2966D /* arctic_platform_windows_sound.cpp */; };
		61E8B0C8DE812D67CFDA6337 /* pugixml.cpp in Sources */ = {isa = PBXBuildFile; fileRef = 5AF8C80BB376701810C1F7A8 /* pugixml.cpp */; };
		6319D9DBFF489D01EBE31E98 /* gui.cpp in Sources */ = {isa = PBXBuildFile; fileRef = 5A775F4C0855E189C52E5B8B /* gui.cpp */; };
		67D4C6A5CF81DF6343F75E4B /* gl_state.cpp in Sources */ = {isa = PBXBuildFile; fileRef = 8BD88C91494885C0AD8B86FF /* gl_state.cpp */; };
		7C39CC20B1D875BA70249615 /* bitstream.cpp in Sources */ = {isa = PBXBuildFile; fileRef = B6A878B77D60DE5B0839B74D /* bitstream.cpp */; };
		95F463C16C764F4FAA59E383 /* arctic_platform_pi_filesystem.cpp in Sources */ = {isa = PBXBuildFile; fileRef = A03493351C837DAB8D02FB71 /* arctic_platform_pi_filesystem.cpp */; };
		989578E28756816227E35D65 /* gl_texture2d.cpp in Sources */ = {isa = PBXBuildFile; fileRef = 0D638A17B71444527B53FF55 /* gl_texture2d.cpp */; };
		9C106210C533A5A669FF6F2F /* arctic_platform_windows_tcpip.cpp in Sources */ = {isa = PBXBuildFile; fileRef = A28ECD37C1DEEBB5B8EAFA50 /* arctic_platform_windows_tcpip.cpp */; };
		9C41D6FEDEE4B29D03638F29 /* arctic_sound.cpp in Sources */ = {isa = PBXBuildFile; fileRef = 00695F10434DB979D735247C /* arctic_sound.cpp */; };
		9EEF51B7DA0A6FDB56799DF9 /* quaternion.cpp in Sources */ = {isa = PBXBuildFile; fileRef = 28F96C830AFA1F7DDA0B1E2B /* quaternion.cpp */; };
		9F480D8971E837088CCFD344 /* arctic_platform_pi_input.cpp in Sources */ = {isa = PBXBuildFile; fileRef = F0E8C404657A479E00D46B8E /* arctic_platform_pi_input.cpp */; };
		A8AE6B85CDCACE7E599CD3BA /* transform3f.cpp in Sources */ = {isa = PBXBuildFile; fileRef = 536500CDA67343205199CCEF /* transform3f.cpp */; };
		AEB6B5BAF2A4990C885D2FC3 /* sound_handle.cpp in Sources */ = {isa = PBXBuildFile; fileRef = CB4B359C6F900F75861D1AFD /* sound_handle.cpp */; };
		AF52EE7C2D052F8741A6091D /* mtq_spmc_array.cpp in Sources */ = {isa = PBXBuildFile; fileRef = 7B3B568DDE7E587EDC09FE7A /* mtq_spmc_array.cpp */; };
		B51F845A4CD1C2CA4D220ED1 /* dual_complex.cpp in Sources */ = {isa = PBXBuildFile; fileRef = 92ED4501BD826338340701A8 /* dual_complex.cpp */; };
		C54ECB54A5F64A5D454DA073 /* unicode.cpp in Sources */ = {isa = PBXBuildFile; fileRef = 080C61C1150F93DE78C16FCE /* unicode.cpp */; };
		C75A7C11E86E14E3837C3717 /* arctic_platform_pi_byteorder.cpp in Sources */ = {isa = PBXBuildFile; fileRef = 3C490133198E61035114A790 /* arctic_platform_pi_byteorder.cpp */; };
		C90DB9C93EABC5383C503D50 /* miniz.c in Sources */ = {isa = PBXBuildFile; fileRef = D9E73BD13EE62DEDD6F180DB /* miniz.c */; };
		CF6359400AEDB90DC4159E45 /* arctic_platform_macosx_sound.mm in Sources */ = {isa = PBXBuildFile; fileRef = D77D791C71C83F554FD089AC /* arctic_platform_macosx_sound.mm */; };
		DC6FC65B2DE3988DE79FCC06 /* easy_hw_sprite.cpp in Sources */ = {isa = PBXBuildFile; fileRef = 73D3E160AFE57A6910A7FD17 /* easy_hw_sprite.cpp */; };
		E6226630513BBD054AED4F75 /* ofbx.cpp in Sources */ = {isa = PBXBuildFile; fileRef = 799CAF17C415EEE25822D67A /* ofbx.cpp */; };
		ECEBBA612E1B7CD26D483B2F /* csv.cpp in Sources */ = {isa = PBXBuildFile; fileRef = BEEB3353760ED019C122974B /* csv.cpp */; };
		F7527EC4B1392A9848AC2E9B /* easy_hw_sprite_instance.cpp in Sources */ = {isa = PBXBuildFile; fileRef = 57B4C95A7139D07F4E383822 /* easy_hw_sprite_instance.cpp */; };
/* End PBXBuildFile section */

/* Begin PBXFileReference section */
		0020EC9CDF7FE739276C6903 /* glcorearb.h */ = {isa = PBXFileReference; fileEncoding = 4; lastKnownFileType = sourcecode.c.h; name = glcorearb.h; path = ../arctic/engine/glcorearb.h; sourceTree = SOURCE_ROOT; };
		00695F10434DB979D735247C /* arctic_sound.cpp */ = {isa = PBXFileReference; fileEncoding = 4; lastKnownFileType = sourcecode.cpp.cpp; name = arctic_sound.cpp; path = ../arctic/engine/arctic_sound.cpp; sourceTree = SOURCE_ROOT; };
		052BFADEB5147A407369E697 /* gl_buffer.h */ = {isa = PBXFileReference; fileEncoding = 4; lastKnownFileType = sourcecode.c.h; name = gl_buffer.h; path = ../arctic/engine/gl_buffer.h; sourceTree = SOURCE_ROOT; };
		06557CE7F205D077B48A7CFE /* arctic_platform_pi_fatal.cpp */ = {isa = PBXFileReference; fileEncoding = 4; lastKnownFileType = sourcecode.cpp.cpp; name = arctic_platform_pi_fatal.cpp; path = ../arctic/engine/arctic_platform_pi_fatal.cpp; sourceTree = SOURCE_ROOT; };
		080C61C1150F93DE78C16FCE /* unicode.cpp */ = {isa = PBXFileReference; fileEncoding = 4; lastKnownFileType = sourcecode.cpp.cpp; name = unicode.cpp; path = ../arctic/engine/unicode.cpp; sourceTree = SOURCE_ROOT; };
		0A73BB2457F2A33998C9A417 /* sound_task.h */ = {isa = PBXFileReference; fileEncoding = 4; lastKnownFileType = sourcecode.c.h; name = sound_task.h; path = ../arctic/engine/sound_task.h; sourceTree = SOURCE_ROOT; };
		0CA7DDCE8AA0A64B93F44297 /* transform2f.h */ = {isa = PBXFileReference; fileEncoding = 4; lastKnownFileType = sourcecode.c.h; name = transform2f.h; path = ../arctic/engine/transform2f.h; sourceTree = SOURCE_ROOT; };
		0CB2520BBE00353BA8BAE6DB /* easy_hw_sprite.h */ = {isa = PBXFileReference; fileEncoding = 4; lastKnownFileType = sourcecode.c.h; name = easy_hw_sprite.h; path = ../arctic/engine/easy_hw_sprite.h; sourceTree = SOURCE_ROOT; };
		0D638A17B71444527B53FF55 /* gl_texture2d.cpp */ = {isa = PBXFileReference; fileEncoding = 4; lastKnownFileType = sourcecode.cpp.cpp; name = gl_texture2d.cpp; path = ../arctic/engine/gl_texture2d.cpp; sourceTree = SOURCE_ROOT; };
		0DBD11DD615D35F14C7C7620 /* test.h */ = {isa = PBXFileReference; fileEncoding = 4; lastKnownFileType = sourcecode.c.h; name = test.h; path = ../arctic/engine/test.h; sourceTree = SOURCE_ROOT; };
		14FAC7D167B3AABE6AEAB304 /* decorated_frame.h */ = {isa = PBXFileReference; fileEncoding = 4; lastKnownFileType = sourcecode.c.h; name = decorated_frame.h; path = ../arctic/engine/decorated_frame.h; sourceTree = SOURCE_ROOT; };
		18FBD0BEF179EDEF5F874007 /* arctic_platform_pi_tcpip.cpp */ = {isa = PBXFileReference; fileEncoding = 4; lastKnownFileType = sourcecode.cpp.cpp; name = arctic_platform_pi_tcpip.cpp; path = ../arctic/engine/arctic_platform_pi_tcpip.cpp; sourceTree = SOURCE_ROOT; };
		22F8A40CBB512C83AF47FF0C /* easing.h */ = {isa = PBXFileReference; fileEncoding = 4; lastKnownFileType = sourcecode.c.h; name = easing.h; path = ../arctic/engine/easing.h; sourceTree = SOURCE_ROOT; };
		239DBE662BB2AA9D603AAAA6 /* gl_state.h */ = {isa = PBXFileReference; fileEncoding = 4; lastKnownFileType = sourcecode.c.h; name = gl_state.h; path = ../arctic/engine/gl_state.h; sourceTree = SOURCE_ROOT; };
		2400E189BC1C2EC421BDB487 /* mtq_fixed_block_queue.cpp */ = {isa = PBXFileReference; fileEncoding = 4; lastKnownFileType = sourcecode.cpp.cpp; name = mtq_fixed_block_queue.cpp; path = ../arctic/engine/mtq_fixed_block_queue.cpp; sourceTree = SOURCE_ROOT; };
		25DDA58E8F28063F1FB33CD1 /* transform3f.h */ = {isa = PBXFileReference; fileEncoding = 4; lastKnownFileType = sourcecode.c.h; name = transform3f.h; path = ../arctic/engine/transform3f.h; sourceTree = SOURCE_ROOT; };
		27B7B1940B3D4B071D5E885B /* easy_input.h */ = {isa = PBXFileReference; fileEncoding = 4; lastKnownFileType = sourcecode.c.h; name = easy_input.h; path = ../arctic/engine/easy_input.h; sourceTree = SOURCE_ROOT; };
		28F96C830AFA1F7DDA0B1E2B /* quaternion.cpp */ = {isa = PBXFileReference; fileEncoding = 4; lastKnownFileType = sourcecode.cpp.cpp; name = quaternion.cpp; path = ../arctic/engine/quaternion.cpp; sourceTree = SOURCE_ROOT; };
		2A3357CE9AFB0C8925AF70A8 /* dual_complex.h */ = {isa = PBXFileReference; fileEncoding = 4; lastKnownFileType = sourcecode.c.h; name = dual_complex.h; path = ../arctic/engine/dual_complex.h; sourceTree = SOURCE_ROOT; };
		3132BF3239C35FD84E23A5C7 /* node2f.h */ = {isa = PBXFileReference; fileEncoding = 4; lastKnownFileType = sourcecode.c.h; name = node2f.h; path = ../arctic/engine/node2f.h; sourceTree = SOURCE_ROOT; };
		34436CF11F642A66004DD16E /* stidio.app */ = {isa = PBXFileReference; explicitFileType = wrapper.application; includeInIndex = 0; path = stidio.app; sourceTree = BUILT_PRODUCTS_DIR; };
		34436CFD1F642A66004DD16E /* Assets.xcassets */ = {isa = PBXFileReference; lastKnownFileType = folder.assetcatalog; name = Assets.xcassets; path = stidio/Assets.xcassets; sourceTree = "<group>"; };
		34436D021F642A66004DD16E /* Info.plist */ = {isa = PBXFileReference; lastKnownFileType = text.plist.xml; name = Info.plist; path = stidio/Info.plist; sourceTree = "<group>"; };
		34436D0E1F6431CD004DD16E /* Cocoa.framework */ = {isa = PBXFileReference; lastKnownFileType = wrapper.framework; name = Cocoa.framework; path = System/Library/Frameworks/Cocoa.framework; sourceTree = SDKROOT; };
		34436D101F6431D3004DD16E /* OpenGL.framework */ = {isa = PBXFileReference; lastKnownFileType = wrapper.framework; name = OpenGL.framework; path = System/Library/Frameworks/OpenGL.framework; sourceTree = SDKROOT; };
		346399361F7C93AB007E37F2 /* AudioToolbox.framework */ = {isa = PBXFileReference; lastKnownFileType = wrapper.framework; name = AudioToolbox.framework; path = System/Library/Frameworks/AudioToolbox.framework; sourceTree = SDKROOT; };
		346FB0DA201EA50000CAD8E5 /* log.h */ = {isa = PBXFileReference; fileEncoding = 4; lastKnownFileType = sourcecode.c.h; name = log.h; path = ../arctic/engine/log.h; sourceTree = SOURCE_ROOT; };
		346FB0DB201EA50000CAD8E5 /* log.cpp */ = {isa = PBXFileReference; fileEncoding = 4; lastKnownFileType = sourcecode.cpp.cpp; name = log.cpp; path = ../arctic/engine/log.cpp; sourceTree = SOURCE_ROOT; };
		34A37FB31F68AD73005ACF7B /* stb_vorbis.inc */ = {isa = PBXFileReference; explicitFileType = sourcecode.c.h; fileEncoding = 4; name = stb_vorbis.inc; path = ../arctic/engine/stb_vorbis.inc; sourceTree = SOURCE_ROOT; };
		34A37FB41F68AD73005ACF7B /* arctic_platform_windows.cpp */ = {isa = PBXFileReference; fileEncoding = 4; lastKnownFileType = sourcecode.cpp.cpp; name = arctic_platform_windows.cpp; path = ../arctic/engine/arctic_platform_windows.cpp; sourceTree = SOURCE_ROOT; };
		34A37FB51F68AD73005ACF7B /* mat44f.h */ = {isa = PBXFileReference; fileEncoding = 4; lastKnownFileType = sourcecode.c.h; name = mat44f.h; path = ../arctic/engine/mat44f.h; sourceTree = SOURCE_ROOT; };
		34A37FB61F68AD73005ACF7B /* easy.cpp */ = {isa = PBXFileReference; fileEncoding = 4; lastKnownFileType = sourcecode.cpp.cpp; name = easy.cpp; path = ../arctic/engine/easy.cpp; sourceTree = SOURCE_ROOT; };
		34A37FB71F68AD73005ACF7B /* arctic_platform_macosx.mm */ = {isa = PBXFileReference; fileEncoding = 4; lastKnownFileType = sourcecode.cpp.objcpp; name = arctic_platform_macosx.mm; path = ../arctic/engine/arctic_platform_macosx.mm; sourceTree = SOURCE_ROOT; };
		34A37FB81F68AD73005ACF7B /* easy_sprite.cpp */ = {isa = PBXFileReference; fileEncoding = 4; lastKnownFileType = sourcecode.cpp.cpp; name = easy_sprite.cpp; path = ../arctic/engine/easy_sprite.cpp; sourceTree = SOURCE_ROOT; };
		34A37FB91F68AD73005ACF7B /* vec3f.h */ = {isa = PBXFileReference; fileEncoding = 4; lastKnownFileType = sourcecode.c.h; name = vec3f.h; path = ../arctic/engine/vec3f.h; sourceTree = SOURCE_ROOT; };
		34A37FBA1F68AD73005ACF7B /* frustum3f.h */ = {isa = PBXFileReference; fileEncoding = 4; lastKnownFileType = sourcecode.c.h; name = frustum3f.h; path = ../arctic/engine/frustum3f.h; sourceTree = SOURCE_ROOT; };
		34A37FBB1F68AD73005ACF7B /* vec4f.h */ = {isa = PBXFileReference; fileEncoding = 4; lastKnownFileType = sourcecode.c.h; name = vec4f.h; path = ../arctic/engine/vec4f.h; sourceTree = SOURCE_ROOT; };
		34A37FBC1F68AD73005ACF7B /* bound3f.h */ = {isa = PBXFileReference; fileEncoding = 4; lastKnownFileType = sourcecode.c.h; name = bound3f.h; path = ../arctic/engine/bound3f.h; sourceTree = SOURCE_ROOT; };
		34A37FBD1F68AD73005ACF7B /* easy_sprite_instance.cpp */ = {isa = PBXFileReference; fileEncoding = 4; lastKnownFileType = sourcecode.cpp.cpp; name = easy_sprite_instance.cpp; path = ../arctic/engine/easy_sprite_instance.cpp; sourceTree = SOURCE_ROOT; };
		34A37FBE1F68AD73005ACF7B /* engine.cpp */ = {isa = PBXFileReference; fileEncoding = 4; lastKnownFileType = sourcecode.cpp.cpp; name = engine.cpp; path = ../arctic/engine/engine.cpp; sourceTree = SOURCE_ROOT; };
		34A37FBF1F68AD73005ACF7B /* easy_sound_instance.cpp */ = {isa = PBXFileReference; fileEncoding = 4; lastKnownFileType = sourcecode.cpp.cpp; name = easy_sound_instance.cpp; path = ../arctic/engine/easy_sound_instance.cpp; sourceTree = SOURCE_ROOT; };
		34A37FC01F68AD73005ACF7B /* mat33f.h */ = {isa = PBXFileReference; fileEncoding = 4; lastKnownFileType = sourcecode.c.h; name = mat33f.h; path = ../arctic/engine/mat33f.h; sourceTree = SOURCE_ROOT; };
		34A37FC11F68AD73005ACF7B /* easy_sound.cpp */ = {isa = PBXFileReference; fileEncoding = 4; lastKnownFileType = sourcecode.cpp.cpp; name = easy_sound.cpp; path = ../arctic/engine/easy_sound.cpp; sourceTree = SOURCE_ROOT; };
		34A37FC21F68AD73005ACF7B /* vec4si32.h */ = {isa = PBXFileReference; fileEncoding = 4; lastKnownFileType = sourcecode.c.h; name = vec4si32.h; path = ../arctic/engine/vec4si32.h; sourceTree = SOURCE_ROOT; };
		34A37FC31F68AD73005ACF7B /* vec2f.h */ = {isa = PBXFileReference; fileEncoding = 4; lastKnownFileType = sourcecode.c.h; name = vec2f.h; path = ../arctic/engine/vec2f.h; sourceTree = SOURCE_ROOT; };
		34A37FC41F68AD73005ACF7B /* vec3si32.h */ = {isa = PBXFileReference; fileEncoding = 4; lastKnownFileType = sourcecode.c.h; name = vec3si32.h; path = ../arctic/engine/vec3si32.h; sourceTree = SOURCE_ROOT; };
		34A37FC51F68AD73005ACF7B /* arctic_input.h */ = {isa = PBXFileReference; fileEncoding = 4; lastKnownFileType = sourcecode.c.h; name = arctic_input.h; path = ../arctic/engine/arctic_input.h; sourceTree = SOURCE_ROOT; };
		34A37FC61F68AD73005ACF7B /* vec2si32.h */ = {isa = PBXFileReference; fileEncoding = 4; lastKnownFileType = sourcecode.c.h; name = vec2si32.h; path = ../arctic/engine/vec2si32.h; sourceTree = SOURCE_ROOT; };
		34A37FC71F68AD73005ACF7B /* easy_sprite.h */ = {isa = PBXFileReference; fileEncoding = 4; lastKnownFileType = sourcecode.c.h; name = easy_sprite.h; path = ../arctic/engine/easy_sprite.h; sourceTree = SOURCE_ROOT; };
		34A37FC81F68AD73005ACF7B /* bound2f.h */ = {isa = PBXFileReference; fileEncoding = 4; lastKnownFileType = sourcecode.c.h; name = bound2f.h; path = ../arctic/engine/bound2f.h; sourceTree = SOURCE_ROOT; };
		34A37FC91F68AD73005ACF7B /* easy.h */ = {isa = PBXFileReference; fileEncoding = 4; lastKnownFileType = sourcecode.c.h; name = easy.h; path = ../arctic/engine/easy.h; sourceTree = SOURCE_ROOT; };
		34A37FCB1F68AD73005ACF7B /* rgba.h */ = {isa = PBXFileReference; fileEncoding = 4; lastKnownFileType = sourcecode.c.h; name = rgba.h; path = ../arctic/engine/rgba.h; sourceTree = SOURCE_ROOT; };
		34A37FCC1F68AD73005ACF7B /* rgb.h */ = {isa = PBXFileReference; fileEncoding = 4; lastKnownFileType = sourcecode.c.h; name = rgb.h; path = ../arctic/engine/rgb.h; sourceTree = SOURCE_ROOT; };
		34A37FCD1F68AD73005ACF7B /* engine.h */ = {isa = PBXFileReference; fileEncoding = 4; lastKnownFileType = sourcecode.c.h; name = engine.h; path = ../arctic/engine/engine.h; sourceTree = SOURCE_ROOT; };
		34A37FCE1F68AD73005ACF7B /* easy_sound.h */ = {isa = PBXFileReference; fileEncoding = 4; lastKnownFileType = sourcecode.c.h; name = easy_sound.h; path = ../arctic/engine/easy_sound.h; sourceTree = SOURCE_ROOT; };
		34A37FCF1F68AD73005ACF7B /* mat22f.h */ = {isa = PBXFileReference; fileEncoding = 4; lastKnownFileType = sourcecode.c.h; name = mat22f.h; path = ../arctic/engine/mat22f.h; sourceTree = SOURCE_ROOT; };
		34A37FD01F68AD73005ACF7B /* easy_sound_instance.h */ = {isa = PBXFileReference; fileEncoding = 4; lastKnownFileType = sourcecode.c.h; name = easy_sound_instance.h; path = ../arctic/engine/easy_sound_instance.h; sourceTree = SOURCE_ROOT; };
		34A37FD11F68AD73005ACF7B /* arctic_platform.h */ = {isa = PBXFileReference; fileEncoding = 4; lastKnownFileType = sourcecode.c.h; name = arctic_platform.h; path = ../arctic/engine/arctic_platform.h; sourceTree = SOURCE_ROOT; };
		34A37FD21F68AD73005ACF7B /* arctic_input.cpp */ = {isa = PBXFileReference; fileEncoding = 4; lastKnownFileType = sourcecode.cpp.cpp; name = arctic_input.cpp; path = ../arctic/engine/arctic_input.cpp; sourceTree = SOURCE_ROOT; };
		34A37FD31F68AD73005ACF7B /* easy_sprite_instance.h */ = {isa = PBXFileReference; fileEncoding = 4; lastKnownFileType = sourcecode.c.h; name = easy_sprite_instance.h; path = ../arctic/engine/easy_sprite_instance.h; sourceTree = SOURCE_ROOT; };
		34A37FD41F68AD73005ACF7B /* arctic_math.h */ = {isa = PBXFileReference; fileEncoding = 4; lastKnownFileType = sourcecode.c.h; name = arctic_math.h; path = ../arctic/engine/arctic_math.h; sourceTree = SOURCE_ROOT; };
		34A37FD61F68AD73005ACF7B /* scalar_math.h */ = {isa = PBXFileReference; fileEncoding = 4; lastKnownFileType = sourcecode.c.h; name = scalar_math.h; path = ../arctic/engine/scalar_math.h; sourceTree = SOURCE_ROOT; };
		34A37FD71F68AD73005ACF7B /* opengl.h */ = {isa = PBXFileReference; fileEncoding = 4; lastKnownFileType = sourcecode.c.h; name = opengl.h; path = ../arctic/engine/opengl.h; sourceTree = SOURCE_ROOT; };
		34A37FD81F68AD73005ACF7B /* arctic_math.cpp */ = {isa = PBXFileReference; fileEncoding = 4; lastKnownFileType = sourcecode.cpp.cpp; name = arctic_math.cpp; path = ../arctic/engine/arctic_math.cpp; sourceTree = SOURCE_ROOT; };
		34A37FD91F68AD73005ACF7B /* arctic_types.h */ = {isa = PBXFileReference; fileEncoding = 4; lastKnownFileType = sourcecode.c.h; name = arctic_types.h; path = ../arctic/engine/arctic_types.h; sourceTree = SOURCE_ROOT; };
		34A37FDA1F68AD73005ACF7B /* arctic_platform_def.h */ = {isa = PBXFileReference; fileEncoding = 4; lastKnownFileType = sourcecode.c.h; name = arctic_platform_def.h; path = ../arctic/engine/arctic_platform_def.h; sourceTree = SOURCE_ROOT; };
		34AA9D3925F560F50017F271 /* GameController.framework */ = {isa = PBXFileReference; lastKnownFileType = wrapper.framework; name = GameController.framework; path = System/Library/Frameworks/GameController.framework; sourceTree = SDKROOT; };
		34C15959200199EF0029160F /* font.cpp */ = {isa = PBXFileReference; fileEncoding = 4; lastKnownFileType = sourcecode.cpp.cpp; name = font.cpp; path = ../arctic/engine/font.cpp; sourceTree = SOURCE_ROOT; };
		34C1597920019B5C0029160F /* data */ = {isa = PBXFileReference; lastKnownFileType = folder; path = data; sourceTree = SOURCE_ROOT; };
		34C1597A20019B5C0029160F /* main.cpp */ = {isa = PBXFileReference; fileEncoding = 4; lastKnownFileType = sourcecode.cpp.cpp; path = main.cpp; sourceTree = SOURCE_ROOT; };
		34C5F3111FD4E22300A03FA2 /* font.h */ = {isa = PBXFileReference; fileEncoding = 4; lastKnownFileType = sourcecode.c.h; name = font.h; path = ../arctic/engine/font.h; sourceTree = SOURCE_ROOT; };
		367899EED12EB3966DDB29D3 /* mtq_fixed_block_queue.h */ = {isa = PBXFileReference; fileEncoding = 4; lastKnownFileType = sourcecode.c.h; name = mtq_fixed_block_queue.h; path = ../arctic/engine/mtq_fixed_block_queue.h; sourceTree = SOURCE_ROOT; };
		3AAD19A84CA5E93E9506D4D5 /* arctic_platform_pi_sound.cpp */ = {isa = PBXFileReference; fileEncoding = 4; lastKnownFileType = sourcecode.cpp.cpp; name = arctic_platform_pi_sound.cpp; path = ../arctic/engine/arctic_platform_pi_sound.cpp; sourceTree = SOURCE_ROOT; };
		3C490133198E61035114A790 /* arctic_platform_pi_byteorder.cpp */ = {isa = PBXFileReference; fileEncoding = 4; lastKnownFileType = sourcecode.cpp.cpp; name = arctic_platform_pi_byteorder.cpp; path = ../arctic/engine/arctic_platform_pi_byteorder.cpp; sourceTree = SOURCE_ROOT; };
		406C705CAEC5B8BCDFD6EF6B /* arctic_mixer.h */ = {isa = PBXFileReference; fileEncoding = 4; lastKnownFileType = sourcecode.c.h; name = arctic_mixer.h; path = ../arctic/engine/arctic_mixer.h; sourceTree = SOURCE_ROOT; };
		420138D2F77D585608719A53 /* miniz.h */ = {isa = PBXFileReference; fileEncoding = 4; lastKnownFileType = sourcecode.c.h; name = miniz.h; path = ../arctic/engine/miniz.h; sourceTree = SOURCE_ROOT; };
		43C880664744B04D2D546BE4 /* gl_program.cpp */ = {isa = PBXFileReference; fileEncoding = 4; lastKnownFileType = sourcecode.cpp.cpp; name = gl_program.cpp; path = ../arctic/engine/gl_program.cpp; sourceTree = SOURCE_ROOT; };
		4506E26BFE9259B067FD1D15 /* pugiconfig.h */ = {isa = PBXFileReference; fileEncoding = 4; lastKnownFileType = sourcecode.c.h; name = pugiconfig.h; path = ../arctic/engine/pugiconfig.h; sourceTree = SOURCE_ROOT; };
		493ED3C5C7F7701E16CDA7D6 /* mat22d.h */ = {isa = PBXFileReference; fileEncoding = 4; lastKnownFileType = sourcecode.c.h; name = mat22d.h; path = ../arctic/engine/mat22d.h; sourceTree = SOURCE_ROOT; };
		4BA8B9FC38F71C9F06119E1B /* mtq_mempool_allocator.h */ = {isa = PBXFileReference; fileEncoding = 4; lastKnownFileType = sourcecode.c.h; name = mtq_mempool_allocator.h; path = ../arctic/engine/mtq_mempool_allocator.h; sourceTree = SOURCE_ROOT; };
		536500CDA67343205199CCEF /* transform3f.cpp */ = {isa = PBXFileReference; fileEncoding = 4; lastKnownFileType = sourcecode.cpp.cpp; name = transform3f.cpp; path = ../arctic/engine/transform3f.cpp; sourceTree = SOURCE_ROOT; };
		57B4C95A7139D07F4E383822 /* easy_hw_sprite_instance.cpp */ = {isa = PBXFileReference; fileEncoding = 4; lastKnownFileType = sourcecode.cpp.cpp; name = easy_hw_sprite_instance.cpp; path = ../arctic/engine/easy_hw_sprite_instance.cpp; sourceTree = SOURCE_ROOT; };
		5A775F4C0855E189C52E5B8B /* gui.cpp */ = {isa = PBXFileReference; fileEncoding = 4; lastKnownFileType = sourcecode.cpp.cpp; name = gui.cpp; path = ../arctic/engine/gui.cpp; sourceTree = SOURCE_ROOT; };
		5AF8C80BB376701810C1F7A8 /* pugixml.cpp */ = {isa = PBXFileReference; fileEncoding = 4; lastKnownFileType = sourcecode.cpp.cpp; name = pugixml.cpp; path = ../arctic/engine/pugixml.cpp; sourceTree = SOURCE_ROOT; };
		5D95EE41502E4729E0A41707 /* arctic_mixer.cpp */ = {isa = PBXFileReference; fileEncoding = 4; lastKnownFileType = sourcecode.cpp.cpp; name = arctic_mixer.cpp; path = ../arctic/engine/arctic_mixer.cpp; sourceTree = SOURCE_ROOT; };
		64E61EB46475BE13FBE2966D /* arctic_platform_windows_sound.cpp */ = {isa = PBXFileReference; fileEncoding = 4; lastKnownFileType = sourcecode.cpp.cpp; name = arctic_platform_windows_sound.cpp; path = ../arctic/engine/arctic_platform_windows_sound.cpp; sourceTree = SOURCE_ROOT; };
		65EC9610C42F0A4D9B74D289 /* test_main.h */ = {isa = PBXFileReference; fileEncoding = 4; lastKnownFileType = sourcecode.c.h; name = test_main.h; path = ../arctic/engine/test_main.h; sourceTree = SOURCE_ROOT; };
		669CE819742F577344F7665B /* glext.h */ = {isa = PBXFileReference; fileEncoding = 4; lastKnownFileType = sourcecode.c.h; name = glext.h; path = ../arctic/engine/glext.h; sourceTree = SOURCE_ROOT; };
		676B66731D9C73C69A768886 /* sound_handle.h */ = {isa = PBXFileReference; fileEncoding = 4; lastKnownFileType = sourcecode.c.h; name = sound_handle.h; path = ../arctic/engine/sound_handle.h; sourceTree = SOURCE_ROOT; };
		67A786FFDD07D926961DB089 /* easy_files.h */ = {isa = PBXFileReference; fileEncoding = 4; lastKnownFileType = sourcecode.c.h; name = easy_files.h; path = ../arctic/engine/easy_files.h; sourceTree = SOURCE_ROOT; };
		73D3E160AFE57A6910A7FD17 /* easy_hw_sprite.cpp */ = {isa = PBXFileReference; fileEncoding = 4; lastKnownFileType = sourcecode.cpp.cpp; name = easy_hw_sprite.cpp; path = ../arctic/engine/easy_hw_sprite.cpp; sourceTree = SOURCE_ROOT; };
		74F6565EC71302C951A40B48 /* mtq_mpsc_tail_swap.h */ = {isa = PBXFileReference; fileEncoding = 4; lastKnownFileType = sourcecode.c.h; name = mtq_mpsc_tail_swap.h; path = ../arctic/engine/mtq_mpsc_tail_swap.h; sourceTree = SOURCE_ROOT; };
		766591A3E029D192F452FF97 /* easy_drawing.h */ = {isa = PBXFileReference; fileEncoding = 4; lastKnownFileType = sourcecode.c.h; name = easy_drawing.h; path = ../arctic/engine/easy_drawing.h; sourceTree = SOURCE_ROOT; };
		799CAF17C415EEE25822D67A /* ofbx.cpp */ = {isa = PBXFileReference; fileEncoding = 4; lastKnownFileType = sourcecode.cpp.cpp; name = ofbx.cpp; path = ../arctic/engine/ofbx.cpp; sourceTree = SOURCE_ROOT; };
		79C5E13519BEEF108AE3E6EC /* cpplint.cfg */ = {isa = PBXFileReference; fileEncoding = 4; lastKnownFileType = sourcecode.cpp.cpp; name = cpplint.cfg; path = ../arctic/engine/cpplint.cfg; sourceTree = SOURCE_ROOT; };
		7A7CBF5BF5DFAF2DC8BE9473 /* mtq_base_common.h */ = {isa = PBXFileReference; fileEncoding = 4; lastKnownFileType = sourcecode.c.h; name = mtq_base_common.h; path = ../arctic/engine/mtq_base_common.h; sourceTree = SOURCE_ROOT; };
		7AED70DA9955CC8719124AD2 /* vec2d.h */ = {isa = PBXFileReference; fileEncoding = 4; lastKnownFileType = sourcecode.c.h; name = vec2d.h; path = ../arctic/engine/vec2d.h; sourceTree = SOURCE_ROOT; };
		7B3B568DDE7E587EDC09FE7A /* mtq_spmc_array.cpp */ = {isa = PBXFileReference; fileEncoding = 4; lastKnownFileType = sourcecode.cpp.cpp; name = mtq_spmc_array.cpp; path = ../arctic/engine/mtq_spmc_array.cpp; sourceTree = SOURCE_ROOT; };
		7DE93FACC37E051038D94B29 /* mtq_mpsc_vinfarr.h */ = {isa = PBXFileReference; fileEncoding = 4; lastKnownFileType = sourcecode.c.h; name = mtq_mpsc_vinfarr.h; path = ../arctic/engine/mtq_mpsc_vinfarr.h; sourceTree = SOURCE_ROOT; };
		89B9D3E513F6D277ADD84965 /* arctic_platform_pi_opengl_glx.cpp */ = {isa = PBXFileReference; fileEncoding = 4; lastKnownFileType = sourcecode.cpp.cpp; name = arctic_platform_pi_opengl_glx.cpp; path = ../arctic/engine/arctic_platform_pi_opengl_glx.cpp; sourceTree = SOURCE_ROOT; };
		8BD88C91494885C0AD8B86FF /* gl_state.cpp */ = {isa = PBXFileReference; fileEncoding = 4; lastKnownFileType = sourcecode.cpp.cpp; name = gl_state.cpp; path = ../arctic/engine/gl_state.cpp; sourceTree = SOURCE_ROOT; };
		8CEA9E052F93B56BD45456A8 /* gui.h */ = {isa = PBXFileReference; fileEncoding = 4; lastKnownFileType = sourcecode.c.h; name = gui.h; path = ../arctic/engine/gui.h; sourceTree = SOURCE_ROOT; };
		92ED4501BD826338340701A8 /* dual_complex.cpp */ = {isa = PBXFileReference; fileEncoding = 4; lastKnownFileType = sourcecode.cpp.cpp; name = dual_complex.cpp; path = ../arctic/engine/dual_complex.cpp; sourceTree = SOURCE_ROOT; };
		99ECFBFCE7FCA465B8D50850 /* bitstream.h */ = {isa = PBXFileReference; fileEncoding = 4; lastKnownFileType = sourcecode.c.h; name = bitstream.h; path = ../arctic/engine/bitstream.h; sourceTree = SOURCE_ROOT; };
		9E406BCBAD8F820D1B649FBA /* gl_program.h */ = {isa = PBXFileReference; fileEncoding = 4; lastKnownFileType = sourcecode.c.h; name = gl_program.h; path = ../arctic/engine/gl_program.h; sourceTree = SOURCE_ROOT; };
		A03493351C837DAB8D02FB71 /* arctic_platform_pi_filesystem.cpp */ = {isa = PBXFileReference; fileEncoding = 4; lastKnownFileType = sourcecode.cpp.cpp; name = arctic_platform_pi_filesystem.cpp; path = ../arctic/engine/arctic_platform_pi_filesystem.cpp; sourceTree = SOURCE_ROOT; };
		A28ECD37C1DEEBB5B8EAFA50 /* arctic_platform_windows_tcpip.cpp */ = {isa = PBXFileReference; fileEncoding = 4; lastKnownFileType = sourcecode.cpp.cpp; name = arctic_platform_windows_tcpip.cpp; path = ../arctic/engine/arctic_platform_windows_tcpip.cpp; sourceTree = SOURCE_ROOT; };
		A6CA824C47AFA50B08BD60F5 /* gl_framebuffer.h */ = {isa = PBXFileReference; fileEncoding = 4; lastKnownFileType = sourcecode.c.h; name = gl_framebuffer.h; path = ../arctic/engine/gl_framebuffer.h; sourceTree = SOURCE_ROOT; };
		A82CBE291FC82C71320B4038 /* arctic_platform_tcpip.h */ = {isa = PBXFileReference; fileEncoding = 4; lastKnownFileType = sourcecode.c.h; name = arctic_platform_tcpip.h; path = ../arctic/engine/arctic_platform_tcpip.h; sourceTree = SOURCE_ROOT; };
		AEB33397099167865DEC46FD /* easy_advanced.h */ = {isa = PBXFileReference; fileEncoding = 4; lastKnownFileType = sourcecode.c.h; name = easy_advanced.h; path = ../arctic/engine/easy_advanced.h; sourceTree = SOURCE_ROOT; };
		B6A878B77D60DE5B0839B74D /* bitstream.cpp */ = {isa = PBXFileReference; fileEncoding = 4; lastKnownFileType = sourcecode.cpp.cpp; name = bitstream.cpp; path = ../arctic/engine/bitstream.cpp; sourceTree = SOURCE_ROOT; };
		BA15443D29C69D2FDA0E4529 /* csv.h */ = {isa = PBXFileReference; fileEncoding = 4; lastKnownFileType = sourcecode.c.h; name = csv.h; path = ../arctic/engine/csv.h; sourceTree = SOURCE_ROOT; };
		BB9A4902232DA1D01D3518FB /* arctic_platform_fatal.h */ = {isa = PBXFileReference; fileEncoding = 4; lastKnownFileType = sourcecode.c.h; name = arctic_platform_fatal.h; path = ../arctic/engine/arctic_platform_fatal.h; sourceTree = SOURCE_ROOT; };
		BEEB3353760ED019C122974B /* csv.cpp */ = {isa = PBXFileReference; fileEncoding = 4; lastKnownFileType = sourcecode.cpp.cpp; name = csv.cpp; path = ../arctic/engine/csv.cpp; sourceTree = SOURCE_ROOT; };
		BF0C640BD461459750A995E5 /* gl_framebuffer.cpp */ = {isa = PBXFileReference; fileEncoding = 4; lastKnownFileType = sourcecode.cpp.cpp; name = gl_framebuffer.cpp; path = ../arctic/engine/gl_framebuffer.cpp; sourceTree = SOURCE_ROOT; };
		BF0F33AEE6BBCA1477EE84D8 /* pugixml.h */ = {isa = PBXFileReference; fileEncoding = 4; lastKnownFileType = sourcecode.c.h; name = pugixml.h; path = ../arctic/engine/pugixml.h; sourceTree = SOURCE_ROOT; };
		C02EC955A693ED356C75AF17 /* array2.h */ = {isa = PBXFileReference; fileEncoding = 4; lastKnownFileType = sourcecode.c.h; name = array2.h; path = ../arctic/engine/array2.h; sourceTree = SOURCE_ROOT; };
		C39D64A67102A0D8FB7F0B12 /* ofbx.h */ = {isa = PBXFileReference; fileEncoding = 4; lastKnownFileType = sourcecode.c.h; name = ofbx.h; path = ../arctic/engine/ofbx.h; sourceTree = SOURCE_ROOT; };
		CB4B359C6F900F75861D1AFD /* sound_handle.cpp */ = {isa = PBXFileReference; fileEncoding = 4; lastKnownFileType = sourcecode.cpp.cpp; name = sound_handle.cpp; path = ../arctic/engine/sound_handle.cpp; sourceTree = SOURCE_ROOT; };
		D3996ACB9D0E004D49965534 /* gl_texture2d.h */ = {isa = PBXFileReference; fileEncoding = 4; lastKnownFileType = sourcecode.c.h; name = gl_texture2d.h; path = ../arctic/engine/gl_texture2d.h; sourceTree = SOURCE_ROOT; };
		D5E31ED51DAAA9A17F56D4EA /* optionparser.h */ = {isa = PBXFileReference; fileEncoding = 4; lastKnownFileType = sourcecode.c.h; name = optionparser.h; path = ../arctic/engine/optionparser.h; sourceTree = SOURCE_ROOT; };
		D77D791C71C83F554FD089AC /* arctic_platform_macosx_sound.mm */ = {isa = PBXFileReference; fileEncoding = 4; lastKnownFileType = sourcecode.cpp.objcpp; name = arctic_platform_macosx_sound.mm; path = ../arctic/engine/arctic_platform_macosx_sound.mm; sourceTree = SOURCE_ROOT; };
		D9E73BD13EE62DEDD6F180DB /* miniz.c */ = {isa = PBXFileReference; fileEncoding = 4; lastKnownFileType = sourcecode.cpp.cpp; name = miniz.c; path = ../arctic/engine/miniz.c; sourceTree = SOURCE_ROOT; };
		DD9C4CB9A7FCE2578BC86F60 /* unicode.h */ = {isa = PBXFileReference; fileEncoding = 4; lastKnownFileType = sourcecode.c.h; name = unicode.h; path = ../arctic/engine/unicode.h; sourceTree = SOURCE_ROOT; };
		DE61341CC475561C22C1F16B /* quaternion.h */ = {isa = PBXFileReference; fileEncoding = 4; lastKnownFileType = sourcecode.c.h; name = quaternion.h; path = ../arctic/engine/quaternion.h; sourceTree = SOURCE_ROOT; };
		DE6B13350F0157455E82DDF8 /* easy_hw_sprite_instance.h */ = {isa = PBXFileReference; fileEncoding = 4; lastKnownFileType = sourcecode.c.h; name = easy_hw_sprite_instance.h; path = ../arctic/engine/easy_hw_sprite_instance.h; sourceTree = SOURCE_ROOT; };
		E15722A424C6D2A8BD11C3D6 /* arctic_platform_sound.h */ = {isa = PBXFileReference; fileEncoding = 4; lastKnownFileType = sourcecode.c.h; name = arctic_platform_sound.h; path = ../arctic/engine/arctic_platform_sound.h; sourceTree = SOURCE_ROOT; };
		E844CDEAFCCD31330A22DCEA /* template_tune.h */ = {isa = PBXFileReference; fileEncoding = 4; lastKnownFileType = sourcecode.c.h; name = template_tune.h; path = ../arctic/engine/template_tune.h; sourceTree = SOURCE_ROOT; };
		EC9EE48653324AE5495E2A81 /* arctic_platform_pi_es_egl.cpp */ = {isa = PBXFileReference; fileEncoding = 4; lastKnownFileType = sourcecode.cpp.cpp; name = arctic_platform_pi_es_egl.cpp; path = ../arctic/engine/arctic_platform_pi_es_egl.cpp; sourceTree = SOURCE_ROOT; };
		EDA73C80606739B28E6F72C7 /* easy_util.h */ = {isa = PBXFileReference; fileEncoding = 4; lastKnownFileType = sourcecode.c.h; name = easy_util.h; path = ../arctic/engine/easy_util.h; sourceTree = SOURCE_ROOT; };
		F04062C159A1011BE3D0E276 /* mtq_spmc_array.h */ = {isa = PBXFileReference; fileEncoding = 4; lastKnownFileType = sourcecode.c.h; name = mtq_spmc_array.h; path = ../arctic/engine/mtq_spmc_array.h; sourceTree = SOURCE_ROOT; };
		F0E8C404657A479E00D46B8E /* arctic_platform_pi_input.cpp */ = {isa = PBXFileReference; fileEncoding = 4; lastKnownFileType = sourcecode.cpp.cpp; name = arctic_platform_pi_input.cpp; path = ../arctic/engine/arctic_platform_pi_input.cpp; sourceTree = SOURCE_ROOT; };
		F57E400074EDCC14A70B0BFB /* arctic_platform_byteorder.h */ = {isa = PBXFileReference; fileEncoding = 4; lastKnownFileType = sourcecode.c.h; name = arctic_platform_byteorder.h; path = ../arctic/engine/arctic_platform_byteorder.h; sourceTree = SOURCE_ROOT; };
		F5A1BCA4CE7F984CBA4BF577 /* gl_buffer.cpp */ = {isa = PBXFileReference; fileEncoding = 4; lastKnownFileType = sourcecode.cpp.cpp; name = gl_buffer.cpp; path = ../arctic/engine/gl_buffer.cpp; sourceTree = SOURCE_ROOT; };
		F87F482F6F1C49524ADDB6F8 /* mtq_mpmc_befsbfsp_allocator.h */ = {isa = PBXFileReference; fileEncoding = 4; lastKnownFileType = sourcecode.c.h; name = mtq_mpmc_befsbfsp_allocator.h; path = ../arctic/engine/mtq_mpmc_befsbfsp_allocator.h; sourceTree = SOURCE_ROOT; };
/* End PBXFileReference section */

/* Begin PBXFrameworksBuildPhase section */
		34436CEE1F642A66004DD16E /* Frameworks */ = {
			isa = PBXFrameworksBuildPhase;
			buildActionMask = 2147483647;
			files = (
				346399371F7C93AB007E37F2 /* AudioToolbox.framework in Frameworks */,
				34436D111F6431D3004DD16E /* OpenGL.framework in Frameworks */,
				34AA9D3A25F560F50017F271 /* GameController.framework in Frameworks */,
				34436D0F1F6431CD004DD16E /* Cocoa.framework in Frameworks */,
			);
			runOnlyForDeploymentPostprocessing = 0;
		};
/* End PBXFrameworksBuildPhase section */

/* Begin PBXGroup section */
		34436CE81F642A66004DD16E = {
			isa = PBXGroup;
			children = (
				34436CF31F642A66004DD16E /* stidio */,
				34436CF21F642A66004DD16E /* Products */,
				34436D0D1F6431CD004DD16E /* Frameworks */,
			);
			sourceTree = "<group>";
		};
		34436CF21F642A66004DD16E /* Products */ = {
			isa = PBXGroup;
			children = (
				34436CF11F642A66004DD16E /* stidio.app */,
			);
			name = Products;
			sourceTree = "<group>";
		};
		34436CF31F642A66004DD16E /* stidio */ = {
			isa = PBXGroup;
			children = (
				34C1597920019B5C0029160F /* data */,
				34C1597A20019B5C0029160F /* main.cpp */,
				34A37FB21F68AD4E005ACF7B /* engine */,
				34436CFD1F642A66004DD16E /* Assets.xcassets */,
				34436D021F642A66004DD16E /* Info.plist */,
				34436CF71F642A66004DD16E /* Supporting Files */,
			);
			name = stidio;
			path = ..;
			sourceTree = "<group>";
		};
		34436CF71F642A66004DD16E /* Supporting Files */ = {
			isa = PBXGroup;
			children = (
			);
			name = "Supporting Files";
			sourceTree = "<group>";
		};
		34436D0D1F6431CD004DD16E /* Frameworks */ = {
			isa = PBXGroup;
			children = (
				34AA9D3925F560F50017F271 /* GameController.framework */,
				346399361F7C93AB007E37F2 /* AudioToolbox.framework */,
				34436D101F6431D3004DD16E /* OpenGL.framework */,
				34436D0E1F6431CD004DD16E /* Cocoa.framework */,
			);
			name = Frameworks;
			sourceTree = "<group>";
		};
		34A37FB21F68AD4E005ACF7B /* engine */ = {
			isa = PBXGroup;
			children = (
				346FB0DB201EA50000CAD8E5 /* log.cpp */,
				346FB0DA201EA50000CAD8E5 /* log.h */,
				34C15959200199EF0029160F /* font.cpp */,
				34C5F3111FD4E22300A03FA2 /* font.h */,
				34A37FD21F68AD73005ACF7B /* arctic_input.cpp */,
				34A37FC51F68AD73005ACF7B /* arctic_input.h */,
				34A37FD81F68AD73005ACF7B /* arctic_math.cpp */,
				34A37FD41F68AD73005ACF7B /* arctic_math.h */,
				34A37FDA1F68AD73005ACF7B /* arctic_platform_def.h */,
				34A37FB71F68AD73005ACF7B /* arctic_platform_macosx.mm */,
				34A37FB41F68AD73005ACF7B /* arctic_platform_windows.cpp */,
				34A37FD11F68AD73005ACF7B /* arctic_platform.h */,
				34A37FD91F68AD73005ACF7B /* arctic_types.h */,
				34A37FC81F68AD73005ACF7B /* bound2f.h */,
				34A37FBC1F68AD73005ACF7B /* bound3f.h */,
				34A37FBF1F68AD73005ACF7B /* easy_sound_instance.cpp */,
				34A37FD01F68AD73005ACF7B /* easy_sound_instance.h */,
				34A37FC11F68AD73005ACF7B /* easy_sound.cpp */,
				34A37FCE1F68AD73005ACF7B /* easy_sound.h */,
				34A37FBD1F68AD73005ACF7B /* easy_sprite_instance.cpp */,
				34A37FD31F68AD73005ACF7B /* easy_sprite_instance.h */,
				34A37FB81F68AD73005ACF7B /* easy_sprite.cpp */,
				34A37FC71F68AD73005ACF7B /* easy_sprite.h */,
				34A37FB61F68AD73005ACF7B /* easy.cpp */,
				34A37FC91F68AD73005ACF7B /* easy.h */,
				34A37FBE1F68AD73005ACF7B /* engine.cpp */,
				BA15443D29C69D2FDA0E4529 /* csv.h */,
				2A3357CE9AFB0C8925AF70A8 /* dual_complex.h */,
				27B7B1940B3D4B071D5E885B /* easy_input.h */,
				EDA73C80606739B28E6F72C7 /* easy_util.h */,
				D5E31ED51DAAA9A17F56D4EA /* optionparser.h */,
				F5A1BCA4CE7F984CBA4BF577 /* gl_buffer.cpp */,
				92ED4501BD826338340701A8 /* dual_complex.cpp */,
				22F8A40CBB512C83AF47FF0C /* easing.h */,
				D9E73BD13EE62DEDD6F180DB /* miniz.c */,
				BB9A4902232DA1D01D3518FB /* arctic_platform_fatal.h */,
				43C880664744B04D2D546BE4 /* gl_program.cpp */,
				B6A878B77D60DE5B0839B74D /* bitstream.cpp */,
				73D3E160AFE57A6910A7FD17 /* easy_hw_sprite.cpp */,
				367899EED12EB3966DDB29D3 /* mtq_fixed_block_queue.h */,
				BEEB3353760ED019C122974B /* csv.cpp */,
				14FAC7D167B3AABE6AEAB304 /* decorated_frame.h */,
				D3996ACB9D0E004D49965534 /* gl_texture2d.h */,
				BF0C640BD461459750A995E5 /* gl_framebuffer.cpp */,
				25DDA58E8F28063F1FB33CD1 /* transform3f.h */,
				65EC9610C42F0A4D9B74D289 /* test_main.h */,
				A28ECD37C1DEEBB5B8EAFA50 /* arctic_platform_windows_tcpip.cpp */,
				18FBD0BEF179EDEF5F874007 /* arctic_platform_pi_tcpip.cpp */,
				7AED70DA9955CC8719124AD2 /* vec2d.h */,
				0DBD11DD615D35F14C7C7620 /* test.h */,
				7DE93FACC37E051038D94B29 /* mtq_mpsc_vinfarr.h */,
				DE61341CC475561C22C1F16B /* quaternion.h */,
				3C490133198E61035114A790 /* arctic_platform_pi_byteorder.cpp */,
				F0E8C404657A479E00D46B8E /* arctic_platform_pi_input.cpp */,
				A6CA824C47AFA50B08BD60F5 /* gl_framebuffer.h */,
				5D95EE41502E4729E0A41707 /* arctic_mixer.cpp */,
				7B3B568DDE7E587EDC09FE7A /* mtq_spmc_array.cpp */,
				0CA7DDCE8AA0A64B93F44297 /* transform2f.h */,
				9E406BCBAD8F820D1B649FBA /* gl_program.h */,
				57B4C95A7139D07F4E383822 /* easy_hw_sprite_instance.cpp */,
				766591A3E029D192F452FF97 /* easy_drawing.h */,
				420138D2F77D585608719A53 /* miniz.h */,
				EC9EE48653324AE5495E2A81 /* arctic_platform_pi_es_egl.cpp */,
				536500CDA67343205199CCEF /* transform3f.cpp */,
				8CEA9E052F93B56BD45456A8 /* gui.h */,
				DD9C4CB9A7FCE2578BC86F60 /* unicode.h */,
				406C705CAEC5B8BCDFD6EF6B /* arctic_mixer.h */,
				4BA8B9FC38F71C9F06119E1B /* mtq_mempool_allocator.h */,
				2400E189BC1C2EC421BDB487 /* mtq_fixed_block_queue.cpp */,
				7A7CBF5BF5DFAF2DC8BE9473 /* mtq_base_common.h */,
				669CE819742F577344F7665B /* glext.h */,
				06557CE7F205D077B48A7CFE /* arctic_platform_pi_fatal.cpp */,
				99ECFBFCE7FCA465B8D50850 /* bitstream.h */,
				5A775F4C0855E189C52E5B8B /* gui.cpp */,
				4506E26BFE9259B067FD1D15 /* pugiconfig.h */,
				74F6565EC71302C951A40B48 /* mtq_mpsc_tail_swap.h */,
				BF0F33AEE6BBCA1477EE84D8 /* pugixml.h */,
				00695F10434DB979D735247C /* arctic_sound.cpp */,
				D77D791C71C83F554FD089AC /* arctic_platform_macosx_sound.mm */,
				C39D64A67102A0D8FB7F0B12 /* ofbx.h */,
				5AF8C80BB376701810C1F7A8 /* pugixml.cpp */,
				3132BF3239C35FD84E23A5C7 /* node2f.h */,
				28F96C830AFA1F7DDA0B1E2B /* quaternion.cpp */,
				A03493351C837DAB8D02FB71 /* arctic_platform_pi_filesystem.cpp */,
				AEB33397099167865DEC46FD /* easy_advanced.h */,
				64E61EB46475BE13FBE2966D /* arctic_platform_windows_sound.cpp */,
				DE6B13350F0157455E82DDF8 /* easy_hw_sprite_instance.h */,
				89B9D3E513F6D277ADD84965 /* arctic_platform_pi_opengl_glx.cpp */,
				E844CDEAFCCD31330A22DCEA /* template_tune.h */,
				67A786FFDD07D926961DB089 /* easy_files.h */,
				0D638A17B71444527B53FF55 /* gl_texture2d.cpp */,
				052BFADEB5147A407369E697 /* gl_buffer.h */,
				676B66731D9C73C69A768886 /* sound_handle.h */,
				C02EC955A693ED356C75AF17 /* array2.h */,
				493ED3C5C7F7701E16CDA7D6 /* mat22d.h */,
				79C5E13519BEEF108AE3E6EC /* cpplint.cfg */,
				CB4B359C6F900F75861D1AFD /* sound_handle.cpp */,
				F04062C159A1011BE3D0E276 /* mtq_spmc_array.h */,
				0020EC9CDF7FE739276C6903 /* glcorearb.h */,
				799CAF17C415EEE25822D67A /* ofbx.cpp */,
				3AAD19A84CA5E93E9506D4D5 /* arctic_platform_pi_sound.cpp */,
				0A73BB2457F2A33998C9A417 /* sound_task.h */,
				A82CBE291FC82C71320B4038 /* arctic_platform_tcpip.h */,
				239DBE662BB2AA9D603AAAA6 /* gl_state.h */,
				F87F482F6F1C49524ADDB6F8 /* mtq_mpmc_befsbfsp_allocator.h */,
				0CB2520BBE00353BA8BAE6DB /* easy_hw_sprite.h */,
				080C61C1150F93DE78C16FCE /* unicode.cpp */,
				F57E400074EDCC14A70B0BFB /* arctic_platform_byteorder.h */,
				8BD88C91494885C0AD8B86FF /* gl_state.cpp */,
				E15722A424C6D2A8BD11C3D6 /* arctic_platform_sound.h */,
				34A37FCD1F68AD73005ACF7B /* engine.h */,
				34A37FBA1F68AD73005ACF7B /* frustum3f.h */,
				34A37FCF1F68AD73005ACF7B /* mat22f.h */,
				34A37FC01F68AD73005ACF7B /* mat33f.h */,
				34A37FB51F68AD73005ACF7B /* mat44f.h */,
				34A37FD71F68AD73005ACF7B /* opengl.h */,
				34A37FCC1F68AD73005ACF7B /* rgb.h */,
				34A37FCB1F68AD73005ACF7B /* rgba.h */,
				34A37FD61F68AD73005ACF7B /* scalar_math.h */,
				34A37FB31F68AD73005ACF7B /* stb_vorbis.inc */,
				34A37FC31F68AD73005ACF7B /* vec2f.h */,
				34A37FC61F68AD73005ACF7B /* vec2si32.h */,
				34A37FB91F68AD73005ACF7B /* vec3f.h */,
				34A37FC41F68AD73005ACF7B /* vec3si32.h */,
				34A37FBB1F68AD73005ACF7B /* vec4f.h */,
				34A37FC21F68AD73005ACF7B /* vec4si32.h */,
			);
			indentWidth = 2;
			name = engine;
			path = ../arctic;
			sourceTree = SOURCE_ROOT;
			tabWidth = 2;
			usesTabs = 0;
		};
/* End PBXGroup section */

/* Begin PBXNativeTarget section */
		34436CF01F642A66004DD16E /* stidio */ = {
			isa = PBXNativeTarget;
			buildConfigurationList = 34436D051F642A66004DD16E /* Build configuration list for PBXNativeTarget "stidio" */;
			buildPhases = (
				34436CED1F642A66004DD16E /* Sources */,
				34436CEE1F642A66004DD16E /* Frameworks */,
				34436CEF1F642A66004DD16E /* Resources */,
			);
			buildRules = (
			);
			dependencies = (
			);
			name = stidio;
			productName = stidio;
			productReference = 34436CF11F642A66004DD16E /* stidio.app */;
			productType = "com.apple.product-type.application";
		};
/* End PBXNativeTarget section */

/* Begin PBXProject section */
		34436CE91F642A66004DD16E /* Project object */ = {
			isa = PBXProject;
			attributes = {
				LastUpgradeCheck = 1020;
				ORGANIZATIONNAME = Arctic;
				TargetAttributes = {
					34436CF01F642A66004DD16E = {
						CreatedOnToolsVersion = 8.3.3;
						ProvisioningStyle = Automatic;
					};
				};
			};
			buildConfigurationList = 34436CEC1F642A66004DD16E /* Build configuration list for PBXProject "stidio" */;
			compatibilityVersion = "Xcode 3.2";
			developmentRegion = en;
			hasScannedForEncodings = 0;
			knownRegions = (
				en,
				Base,
			);
			mainGroup = 34436CE81F642A66004DD16E;
			productRefGroup = 34436CF21F642A66004DD16E /* Products */;
			projectDirPath = "";
			projectRoot = "";
			targets = (
				34436CF01F642A66004DD16E /* stidio */,
			);
		};
/* End PBXProject section */

/* Begin PBXResourcesBuildPhase section */
		34436CEF1F642A66004DD16E /* Resources */ = {
			isa = PBXResourcesBuildPhase;
			buildActionMask = 2147483647;
			files = (
				34C1597B20019B5C0029160F /* data in Resources */,
				34436CFE1F642A66004DD16E /* Assets.xcassets in Resources */,
			);
			runOnlyForDeploymentPostprocessing = 0;
		};
/* End PBXResourcesBuildPhase section */

/* Begin PBXSourcesBuildPhase section */
		34436CED1F642A66004DD16E /* Sources */ = {
			isa = PBXSourcesBuildPhase;
			buildActionMask = 2147483647;
			files = (
				34A37FDC1F68AD73005ACF7B /* arctic_platform_windows.cpp in Sources */,
				34A37FDE1F68AD73005ACF7B /* arctic_platform_macosx.mm in Sources */,
				34A37FE11F68AD73005ACF7B /* engine.cpp in Sources */,
				1A65FF3E5CACD769EA00BAC6 /* gl_buffer.cpp in Sources */,
				B51F845A4CD1C2CA4D220ED1 /* dual_complex.cpp in Sources */,
				C90DB9C93EABC5383C503D50 /* miniz.c in Sources */,
				021AE68EB84BEAD7260E9DEF /* gl_program.cpp in Sources */,
				7C39CC20B1D875BA70249615 /* bitstream.cpp in Sources */,
				DC6FC65B2DE3988DE79FCC06 /* easy_hw_sprite.cpp in Sources */,
				ECEBBA612E1B7CD26D483B2F /* csv.cpp in Sources */,
				1A8FE45737FCAF7A6DCCC81D /* gl_framebuffer.cpp in Sources */,
				9C106210C533A5A669FF6F2F /* arctic_platform_windows_tcpip.cpp in Sources */,
				191571C4AFED182F69297E08 /* arctic_platform_pi_tcpip.cpp in Sources */,
				C75A7C11E86E14E3837C3717 /* arctic_platform_pi_byteorder.cpp in Sources */,
				9F480D8971E837088CCFD344 /* arctic_platform_pi_input.cpp in Sources */,
				3B611E8E7186FC1878DFB9DB /* arctic_mixer.cpp in Sources */,
				AF52EE7C2D052F8741A6091D /* mtq_spmc_array.cpp in Sources */,
				F7527EC4B1392A9848AC2E9B /* easy_hw_sprite_instance.cpp in Sources */,
				55B04DF74A2B0F8112DD4B8B /* arctic_platform_pi_es_egl.cpp in Sources */,
				A8AE6B85CDCACE7E599CD3BA /* transform3f.cpp in Sources */,
				600FC592CD859FD28C4A24DB /* mtq_fixed_block_queue.cpp in Sources */,
				421BFD58CD317304A958E59A /* arctic_platform_pi_fatal.cpp in Sources */,
				6319D9DBFF489D01EBE31E98 /* gui.cpp in Sources */,
				9C41D6FEDEE4B29D03638F29 /* arctic_sound.cpp in Sources */,
				CF6359400AEDB90DC4159E45 /* arctic_platform_macosx_sound.mm in Sources */,
				61E8B0C8DE812D67CFDA6337 /* pugixml.cpp in Sources */,
				9EEF51B7DA0A6FDB56799DF9 /* quaternion.cpp in Sources */,
				95F463C16C764F4FAA59E383 /* arctic_platform_pi_filesystem.cpp in Sources */,
				609360942A723CF65F4CD8DC /* arctic_platform_windows_sound.cpp in Sources */,
				291EA3F02FC72C957006BCD1 /* arctic_platform_pi_opengl_glx.cpp in Sources */,
				989578E28756816227E35D65 /* gl_texture2d.cpp in Sources */,
				AEB6B5BAF2A4990C885D2FC3 /* sound_handle.cpp in Sources */,
				E6226630513BBD054AED4F75 /* ofbx.cpp in Sources */,
				16D0EC3299333EBD6FC973D5 /* arctic_platform_pi_sound.cpp in Sources */,
				C54ECB54A5F64A5D454DA073 /* unicode.cpp in Sources */,
				67D4C6A5CF81DF6343F75E4B /* gl_state.cpp in Sources */,
				34A37FDF1F68AD73005ACF7B /* easy_sprite.cpp in Sources */,
				34A37FE01F68AD73005ACF7B /* easy_sprite_instance.cpp in Sources */,
				34C1595A200199EF0029160F /* font.cpp in Sources */,
				34A37FE61F68AD73005ACF7B /* arctic_math.cpp in Sources */,
				346FB0DC201EA50000CAD8E5 /* log.cpp in Sources */,
				34A37FE21F68AD73005ACF7B /* easy_sound_instance.cpp in Sources */,
				34A37FE51F68AD73005ACF7B /* arctic_input.cpp in Sources */,
				34A37FE31F68AD73005ACF7B /* easy_sound.cpp in Sources */,
				34C1597C20019B5C0029160F /* main.cpp in Sources */,
				34A37FDD1F68AD73005ACF7B /* easy.cpp in Sources */,
			);
			runOnlyForDeploymentPostprocessing = 0;
		};
/* End PBXSourcesBuildPhase section */

/* Begin XCBuildConfiguration section */
		34436D031F642A66004DD16E /* Debug */ = {
			isa = XCBuildConfiguration;
			buildSettings = {
				ALWAYS_SEARCH_USER_PATHS = NO;
				CLANG_ANALYZER_LOCALIZABILITY_NONLOCALIZED = YES;
				CLANG_ANALYZER_NONNULL = YES;
				CLANG_ANALYZER_NUMBER_OBJECT_CONVERSION = YES_AGGRESSIVE;
				CLANG_CXX_LANGUAGE_STANDARD = "gnu++14";
				CLANG_CXX_LIBRARY = "libc++";
				CLANG_ENABLE_MODULES = YES;
				CLANG_ENABLE_OBJC_ARC = NO;
				CLANG_WARN_BLOCK_CAPTURE_AUTORELEASING = YES;
				CLANG_WARN_BOOL_CONVERSION = YES;
				CLANG_WARN_COMMA = YES;
				CLANG_WARN_CONSTANT_CONVERSION = YES;
				CLANG_WARN_DEPRECATED_OBJC_IMPLEMENTATIONS = YES;
				CLANG_WARN_DIRECT_OBJC_ISA_USAGE = YES_ERROR;
				CLANG_WARN_DOCUMENTATION_COMMENTS = YES;
				CLANG_WARN_EMPTY_BODY = YES;
				CLANG_WARN_ENUM_CONVERSION = YES;
				CLANG_WARN_INFINITE_RECURSION = YES;
				CLANG_WARN_INT_CONVERSION = YES;
				CLANG_WARN_NON_LITERAL_NULL_CONVERSION = YES;
				CLANG_WARN_OBJC_IMPLICIT_RETAIN_SELF = YES;
				CLANG_WARN_OBJC_LITERAL_CONVERSION = YES;
				CLANG_WARN_OBJC_ROOT_CLASS = YES_ERROR;
				CLANG_WARN_QUOTED_INCLUDE_IN_FRAMEWORK_HEADER = YES;
				CLANG_WARN_RANGE_LOOP_ANALYSIS = YES;
				CLANG_WARN_STRICT_PROTOTYPES = YES;
				CLANG_WARN_SUSPICIOUS_MOVE = YES;
				CLANG_WARN_UNREACHABLE_CODE = YES;
				CLANG_WARN__DUPLICATE_METHOD_MATCH = YES;
				CODE_SIGN_IDENTITY = "-";
				CONFIGURATION_BUILD_DIR = "$(PROJECT_DIR)/build/$(CONFIGURATION)$(EFFECTIVE_PLATFORM_NAME)";
				COPY_PHASE_STRIP = NO;
				DEBUG_INFORMATION_FORMAT = dwarf;
				ENABLE_STRICT_OBJC_MSGSEND = YES;
				ENABLE_TESTABILITY = YES;
				GCC_C_LANGUAGE_STANDARD = gnu99;
				GCC_DYNAMIC_NO_PIC = NO;
				GCC_NO_COMMON_BLOCKS = YES;
				GCC_OPTIMIZATION_LEVEL = 0;
				GCC_PREPROCESSOR_DEFINITIONS = (
					"DEBUG=1",
					"$(inherited)",
				);
				GCC_WARN_64_TO_32_BIT_CONVERSION = YES;
				GCC_WARN_ABOUT_RETURN_TYPE = YES_ERROR;
				GCC_WARN_UNDECLARED_SELECTOR = YES;
				GCC_WARN_UNINITIALIZED_AUTOS = YES_AGGRESSIVE;
				GCC_WARN_UNUSED_FUNCTION = YES;
				GCC_WARN_UNUSED_VARIABLE = YES;
				"HEADER_SEARCH_PATHS[arch=*]" = $PROJECT_DIR/..;
				MACOSX_DEPLOYMENT_TARGET = 10.12;
				MTL_ENABLE_DEBUG_INFO = YES;
				ONLY_ACTIVE_ARCH = YES;
				SDKROOT = macosx;
			};
			name = Debug;
		};
		34436D041F642A66004DD16E /* Release */ = {
			isa = XCBuildConfiguration;
			buildSettings = {
				ALWAYS_SEARCH_USER_PATHS = NO;
				CLANG_ANALYZER_LOCALIZABILITY_NONLOCALIZED = YES;
				CLANG_ANALYZER_NONNULL = YES;
				CLANG_ANALYZER_NUMBER_OBJECT_CONVERSION = YES_AGGRESSIVE;
				CLANG_CXX_LANGUAGE_STANDARD = "gnu++14";
				CLANG_CXX_LIBRARY = "libc++";
				CLANG_ENABLE_MODULES = YES;
				CLANG_ENABLE_OBJC_ARC = NO;
				CLANG_WARN_BLOCK_CAPTURE_AUTORELEASING = YES;
				CLANG_WARN_BOOL_CONVERSION = YES;
				CLANG_WARN_COMMA = YES;
				CLANG_WARN_CONSTANT_CONVERSION = YES;
				CLANG_WARN_DEPRECATED_OBJC_IMPLEMENTATIONS = YES;
				CLANG_WARN_DIRECT_OBJC_ISA_USAGE = YES_ERROR;
				CLANG_WARN_DOCUMENTATION_COMMENTS = YES;
				CLANG_WARN_EMPTY_BODY = YES;
				CLANG_WARN_ENUM_CONVERSION = YES;
				CLANG_WARN_INFINITE_RECURSION = YES;
				CLANG_WARN_INT_CONVERSION = YES;
				CLANG_WARN_NON_LITERAL_NULL_CONVERSION = YES;
				CLANG_WARN_OBJC_IMPLICIT_RETAIN_SELF = YES;
				CLANG_WARN_OBJC_LITERAL_CONVERSION = YES;
				CLANG_WARN_OBJC_ROOT_CLASS = YES_ERROR;
				CLANG_WARN_QUOTED_INCLUDE_IN_FRAMEWORK_HEADER = YES;
				CLANG_WARN_RANGE_LOOP_ANALYSIS = YES;
				CLANG_WARN_STRICT_PROTOTYPES = YES;
				CLANG_WARN_SUSPICIOUS_MOVE = YES;
				CLANG_WARN_UNREACHABLE_CODE = YES;
				CLANG_WARN__DUPLICATE_METHOD_MATCH = YES;
				CODE_SIGN_IDENTITY = "-";
				CONFIGURATION_BUILD_DIR = "$(PROJECT_DIR)/build/$(CONFIGURATION)$(EFFECTIVE_PLATFORM_NAME)";
				COPY_PHASE_STRIP = NO;
				DEBUG_INFORMATION_FORMAT = "dwarf-with-dsym";
				ENABLE_NS_ASSERTIONS = NO;
				ENABLE_STRICT_OBJC_MSGSEND = YES;
				GCC_C_LANGUAGE_STANDARD = gnu99;
				GCC_NO_COMMON_BLOCKS = YES;
				GCC_WARN_64_TO_32_BIT_CONVERSION = YES;
				GCC_WARN_ABOUT_RETURN_TYPE = YES_ERROR;
				GCC_WARN_UNDECLARED_SELECTOR = YES;
				GCC_WARN_UNINITIALIZED_AUTOS = YES_AGGRESSIVE;
				GCC_WARN_UNUSED_FUNCTION = YES;
				GCC_WARN_UNUSED_VARIABLE = YES;
				"HEADER_SEARCH_PATHS[arch=*]" = $PROJECT_DIR/..;
				MACOSX_DEPLOYMENT_TARGET = 10.12;
				MTL_ENABLE_DEBUG_INFO = NO;
				SDKROOT = macosx;
			};
			name = Release;
		};
		34436D061F642A66004DD16E /* Debug */ = {
			isa = XCBuildConfiguration;
			buildSettings = {
				ASSETCATALOG_COMPILER_APPICON_NAME = AppIcon;
				CLANG_ENABLE_OBJC_ARC = YES;
				CODE_SIGN_IDENTITY = "-";
				COMBINE_HIDPI_IMAGES = YES;
				"HEADER_SEARCH_PATHS[arch=*]" = (
					$PROJECT_DIR/..,
					$PROJECT_DIR/../arctic,
				);
				INFOPLIST_FILE = Info.plist;
				LD_RUNPATH_SEARCH_PATHS = "$(inherited) @executable_path/../Frameworks";
				PRODUCT_BUNDLE_IDENTIFIER = Arctic.stidio;
				PRODUCT_NAME = "$(TARGET_NAME)";
			};
			name = Debug;
		};
		34436D071F642A66004DD16E /* Release */ = {
			isa = XCBuildConfiguration;
			buildSettings = {
				ASSETCATALOG_COMPILER_APPICON_NAME = AppIcon;
				CLANG_ENABLE_OBJC_ARC = YES;
				CODE_SIGN_IDENTITY = "-";
				COMBINE_HIDPI_IMAGES = YES;
				"HEADER_SEARCH_PATHS[arch=*]" = (
					$PROJECT_DIR/..,
					$PROJECT_DIR/../arctic,
				);
				INFOPLIST_FILE = Info.plist;
				LD_RUNPATH_SEARCH_PATHS = "$(inherited) @executable_path/../Frameworks";
				PRODUCT_BUNDLE_IDENTIFIER = Arctic.stidio;
				PRODUCT_NAME = "$(TARGET_NAME)";
			};
			name = Release;
		};
/* End XCBuildConfiguration section */

/* Begin XCConfigurationList section */
		34436CEC1F642A66004DD16E /* Build configuration list for PBXProject "stidio" */ = {
			isa = XCConfigurationList;
			buildConfigurations = (
				34436D031F642A66004DD16E /* Debug */,
				34436D041F642A66004DD16E /* Release */,
			);
			defaultConfigurationIsVisible = 0;
			defaultConfigurationName = Release;
		};
		34436D051F642A66004DD16E /* Build configuration list for PBXNativeTarget "stidio" */ = {
			isa = XCConfigurationList;
			buildConfigurations = (
				34436D061F642A66004DD16E /* Debug */,
				34436D071F642A66004DD16E /* Release */,
			);
			defaultConfigurationIsVisible = 0;
			defaultConfigurationName = Release;
		};
/* End XCConfigurationList section */
	};
	rootObject = 34436CE91F642A66004DD16E /* Project object */;
}
