// !$*UTF8*$!
{
	archiveVersion = 1;
	classes = {
	};
	objectVersion = 46;
	objects = {

/* Begin PBXBuildFile section */
		0047D6733495B9EF64CB4A68 /* easy_hw_sprite_instance.cpp in Sources */ = {isa = PBXBuildFile; fileRef = 913E1F096FDE397A2DEFF1B9 /* easy_hw_sprite_instance.cpp */; };
		0D59C9D4580A4499BAD628AD /* arctic_platform_pi_filesystem.cpp in Sources */ = {isa = PBXBuildFile; fileRef = B772DF555BF7C729E4E43EFF /* arctic_platform_pi_filesystem.cpp */; };
		17CC145C7A0766C0B90919A1 /* arctic_platform_pi_fatal.cpp in Sources */ = {isa = PBXBuildFile; fileRef = 5B4E1CCD9940934E0A628C5B /* arctic_platform_pi_fatal.cpp */; };
		18EB8942291D39306F1B3576 /* arctic_platform_pi_opengl_glx.cpp in Sources */ = {isa = PBXBuildFile; fileRef = 9CEFF705771840AE83F8E198 /* arctic_platform_pi_opengl_glx.cpp */; };
		1FDBDEDE4937CDDACD6B4BE5 /* arctic_sound.cpp in Sources */ = {isa = PBXBuildFile; fileRef = 415D9DD2ED84AEEB2A097A68 /* arctic_sound.cpp */; };
		22BCA4B9F5ED5B4CB565A50B /* miniz.c in Sources */ = {isa = PBXBuildFile; fileRef = B89071D5A669A1AECD55B1A1 /* miniz.c */; };
		23F43334AE3579FAA1239605 /* easy_hw_sprite.cpp in Sources */ = {isa = PBXBuildFile; fileRef = 902D785885A862E120953CD5 /* easy_hw_sprite.cpp */; };
		2B470DEF03D5D81E153F77D5 /* arctic_platform_pi_sound.cpp in Sources */ = {isa = PBXBuildFile; fileRef = B3F1CCF3661F6BE6BADD022E /* arctic_platform_pi_sound.cpp */; };
		31F3A87D1F98370C7E915F18 /* pugixml.cpp in Sources */ = {isa = PBXBuildFile; fileRef = 2198E7AC1E69ACA78DA433D6 /* pugixml.cpp */; };
		34436CFE1F642A66004DD16E /* Assets.xcassets in Resources */ = {isa = PBXBuildFile; fileRef = 34436CFD1F642A66004DD16E /* Assets.xcassets */; };
		34436D0F1F6431CD004DD16E /* Cocoa.framework in Frameworks */ = {isa = PBXBuildFile; fileRef = 34436D0E1F6431CD004DD16E /* Cocoa.framework */; settings = {ATTRIBUTES = (Required, ); }; };
		34436D111F6431D3004DD16E /* OpenGL.framework in Frameworks */ = {isa = PBXBuildFile; fileRef = 34436D101F6431D3004DD16E /* OpenGL.framework */; settings = {ATTRIBUTES = (Required, ); }; };
		346399371F7C93AB007E37F2 /* AudioToolbox.framework in Frameworks */ = {isa = PBXBuildFile; fileRef = 346399361F7C93AB007E37F2 /* AudioToolbox.framework */; };
		346FB0DC201EA50000CAD8E5 /* log.cpp in Sources */ = {isa = PBXBuildFile; fileRef = 346FB0DB201EA50000CAD8E5 /* log.cpp */; };
		34A37FDC1F68AD73005ACF7B /* arctic_platform_windows.cpp in Sources */ = {isa = PBXBuildFile; fileRef = 34A37FB41F68AD73005ACF7B /* arctic_platform_windows.cpp */; };
		34A37FDD1F68AD73005ACF7B /* easy.cpp in Sources */ = {isa = PBXBuildFile; fileRef = 34A37FB61F68AD73005ACF7B /* easy.cpp */; };
		34A37FDE1F68AD73005ACF7B /* arctic_platform_macosx.mm in Sources */ = {isa = PBXBuildFile; fileRef = 34A37FB71F68AD73005ACF7B /* arctic_platform_macosx.mm */; };
		34A37FDF1F68AD73005ACF7B /* easy_sprite.cpp in Sources */ = {isa = PBXBuildFile; fileRef = 34A37FB81F68AD73005ACF7B /* easy_sprite.cpp */; };
		34A37FE01F68AD73005ACF7B /* easy_sprite_instance.cpp in Sources */ = {isa = PBXBuildFile; fileRef = 34A37FBD1F68AD73005ACF7B /* easy_sprite_instance.cpp */; };
		34A37FE11F68AD73005ACF7B /* engine.cpp in Sources */ = {isa = PBXBuildFile; fileRef = 34A37FBE1F68AD73005ACF7B /* engine.cpp */; };
		34A37FE21F68AD73005ACF7B /* easy_sound_instance.cpp in Sources */ = {isa = PBXBuildFile; fileRef = 34A37FBF1F68AD73005ACF7B /* easy_sound_instance.cpp */; };
		34A37FE31F68AD73005ACF7B /* easy_sound.cpp in Sources */ = {isa = PBXBuildFile; fileRef = 34A37FC11F68AD73005ACF7B /* easy_sound.cpp */; };
		34A37FE51F68AD73005ACF7B /* arctic_input.cpp in Sources */ = {isa = PBXBuildFile; fileRef = 34A37FD21F68AD73005ACF7B /* arctic_input.cpp */; };
		34A37FE61F68AD73005ACF7B /* arctic_math.cpp in Sources */ = {isa = PBXBuildFile; fileRef = 34A37FD81F68AD73005ACF7B /* arctic_math.cpp */; };
		34AA9D3A25F560F50017F271 /* GameController.framework in Frameworks */ = {isa = PBXBuildFile; fileRef = 34AA9D3925F560F50017F271 /* GameController.framework */; };
		34C1595A200199EF0029160F /* font.cpp in Sources */ = {isa = PBXBuildFile; fileRef = 34C15959200199EF0029160F /* font.cpp */; };
		34C1597B20019B5C0029160F /* data in Resources */ = {isa = PBXBuildFile; fileRef = 34C1597920019B5C0029160F /* data */; };
		34C1597C20019B5C0029160F /* main.cpp in Sources */ = {isa = PBXBuildFile; fileRef = 34C1597A20019B5C0029160F /* main.cpp */; };
		51ECEA7FC979F7D44EB1F2CB /* gl_state.cpp in Sources */ = {isa = PBXBuildFile; fileRef = 8D32E48AFFE59B71C0EE1F49 /* gl_state.cpp */; };
		686D702F352E0F20C4A711BB /* gl_program.cpp in Sources */ = {isa = PBXBuildFile; fileRef = 11BFB6CED4DD1CEB7B0351CD /* gl_program.cpp */; };
		6EC8623536C4542DBBE36385 /* transform3f.cpp in Sources */ = {isa = PBXBuildFile; fileRef = 8C0AE614107680A3CFD0806C /* transform3f.cpp */; };
		73E88D3FBBC742CA2D9E1F81 /* gl_framebuffer.cpp in Sources */ = {isa = PBXBuildFile; fileRef = 59DD71EB9A707F727BBFB6B7 /* gl_framebuffer.cpp */; };
		757165062F262EA597452531 /* quaternion.cpp in Sources */ = {isa = PBXBuildFile; fileRef = D2D368FBFDC2AF31047014F1 /* quaternion.cpp */; };
		76959829F521F574D26655F7 /* arctic_platform_pi_es_egl.cpp in Sources */ = {isa = PBXBuildFile; fileRef = 12B2010C3B1AE04962410BC0 /* arctic_platform_pi_es_egl.cpp */; };
		76F8B5A1520CBDA94F751645 /* arctic_platform_pi_input.cpp in Sources */ = {isa = PBXBuildFile; fileRef = 23E1C48B013E25DC57651D37 /* arctic_platform_pi_input.cpp */; };
		7C39C836FCA4E38AC3A894E9 /* arctic_platform_macosx_sound.mm in Sources */ = {isa = PBXBuildFile; fileRef = 017DBD30D415CE863514F910 /* arctic_platform_macosx_sound.mm */; };
		7E4B42EC2D3FF8D6109BDD8E /* gl_buffer.cpp in Sources */ = {isa = PBXBuildFile; fileRef = 012DF6EEBCD8A8AC39C1AE4C /* gl_buffer.cpp */; };
		88D966A3F13423DF6E3DFACE /* ofbx.cpp in Sources */ = {isa = PBXBuildFile; fileRef = 0A3B9E9AFA121CE46F061645 /* ofbx.cpp */; };
		8C3B13CD2931662CDDD47449 /* unicode.cpp in Sources */ = {isa = PBXBuildFile; fileRef = 798D304EF84583C04BFA5F33 /* unicode.cpp */; };
		A905E1ACD49D1DFB1ADB6F5D /* mtq_fixed_block_queue.cpp in Sources */ = {isa = PBXBuildFile; fileRef = 63A7944EA877315D43E453C4 /* mtq_fixed_block_queue.cpp */; };
		AA556BC283965A762EA5EDE7 /* arctic_platform_windows_sound.cpp in Sources */ = {isa = PBXBuildFile; fileRef = E708611C47A8256A983137F6 /* arctic_platform_windows_sound.cpp */; };
		B4B3BF89D167664B634B0217 /* arctic_platform_pi_tcpip.cpp in Sources */ = {isa = PBXBuildFile; fileRef = C74BC1EB93EB08CD3587E564 /* arctic_platform_pi_tcpip.cpp */; };
		C2BF73E8A28CBB444CBD8D40 /* gl_texture2d.cpp in Sources */ = {isa = PBXBuildFile; fileRef = 58F823ACDD6E31EE91330246 /* gl_texture2d.cpp */; };
		C31709498112D440E939C1F1 /* bitstream.cpp in Sources */ = {isa = PBXBuildFile; fileRef = C7189A0B48E6ACADD6B765F6 /* bitstream.cpp */; };
		C3386CABDBB1AF24102F0658 /* dual_complex.cpp in Sources */ = {isa = PBXBuildFile; fileRef = 067B11BD183F3FBCE2254033 /* dual_complex.cpp */; };
		D454A444D55A9F91553DE98E /* csv.cpp in Sources */ = {isa = PBXBuildFile; fileRef = 05891BD24C379620FF462213 /* csv.cpp */; };
		E1801236F1EB8F3885647596 /* arctic_mixer.cpp in Sources */ = {isa = PBXBuildFile; fileRef = 3C6A987237CAB6182D64283B /* arctic_mixer.cpp */; };
		E1E3F60A433D72448F95ACCE /* arctic_platform_windows_tcpip.cpp in Sources */ = {isa = PBXBuildFile; fileRef = 4A5F545AC651FDF3A9DF18AC /* arctic_platform_windows_tcpip.cpp */; };
		E3F76BDFF07A47066E2E7D91 /* arctic_platform_pi_byteorder.cpp in Sources */ = {isa = PBXBuildFile; fileRef = 8E22E70C4797BBF20D89BCFC /* arctic_platform_pi_byteorder.cpp */; };
		EA60D841882F1DE7BC8DEB33 /* gui.cpp in Sources */ = {isa = PBXBuildFile; fileRef = B9B1793E08059B74497CEF36 /* gui.cpp */; };
		EF7B3A7F50715F78438A3D97 /* mtq_spmc_array.cpp in Sources */ = {isa = PBXBuildFile; fileRef = 1136789C333124FA6E6C09CB /* mtq_spmc_array.cpp */; };
		F94AD0F8406242A85CC2DDAC /* sound_handle.cpp in Sources */ = {isa = PBXBuildFile; fileRef = 0317A32E55621EF52187C420 /* sound_handle.cpp */; };
/* End PBXBuildFile section */

/* Begin PBXFileReference section */
		012DF6EEBCD8A8AC39C1AE4C /* gl_buffer.cpp */ = {isa = PBXFileReference; fileEncoding = 4; lastKnownFileType = sourcecode.cpp.cpp; name = gl_buffer.cpp; path = ../arctic/engine/gl_buffer.cpp; sourceTree = SOURCE_ROOT; };
		017DBD30D415CE863514F910 /* arctic_platform_macosx_sound.mm */ = {isa = PBXFileReference; fileEncoding = 4; lastKnownFileType = sourcecode.cpp.objcpp; name = arctic_platform_macosx_sound.mm; path = ../arctic/engine/arctic_platform_macosx_sound.mm; sourceTree = SOURCE_ROOT; };
		0317A32E55621EF52187C420 /* sound_handle.cpp */ = {isa = PBXFileReference; fileEncoding = 4; lastKnownFileType = sourcecode.cpp.cpp; name = sound_handle.cpp; path = ../arctic/engine/sound_handle.cpp; sourceTree = SOURCE_ROOT; };
		035530622E54D6A729E4409F /* gl_state.h */ = {isa = PBXFileReference; fileEncoding = 4; lastKnownFileType = sourcecode.c.h; name = gl_state.h; path = ../arctic/engine/gl_state.h; sourceTree = SOURCE_ROOT; };
		03BE9DF2849B62029B60BA8A /* sound_task.h */ = {isa = PBXFileReference; fileEncoding = 4; lastKnownFileType = sourcecode.c.h; name = sound_task.h; path = ../arctic/engine/sound_task.h; sourceTree = SOURCE_ROOT; };
		0444F9AF098747B7518866EB /* gl_framebuffer.h */ = {isa = PBXFileReference; fileEncoding = 4; lastKnownFileType = sourcecode.c.h; name = gl_framebuffer.h; path = ../arctic/engine/gl_framebuffer.h; sourceTree = SOURCE_ROOT; };
		0462B71D6B0BD5BD21855EB6 /* transform2f.h */ = {isa = PBXFileReference; fileEncoding = 4; lastKnownFileType = sourcecode.c.h; name = transform2f.h; path = ../arctic/engine/transform2f.h; sourceTree = SOURCE_ROOT; };
		0559F8CF604FAA5151E4AF83 /* mtq_fixed_block_queue.h */ = {isa = PBXFileReference; fileEncoding = 4; lastKnownFileType = sourcecode.c.h; name = mtq_fixed_block_queue.h; path = ../arctic/engine/mtq_fixed_block_queue.h; sourceTree = SOURCE_ROOT; };
		05891BD24C379620FF462213 /* csv.cpp */ = {isa = PBXFileReference; fileEncoding = 4; lastKnownFileType = sourcecode.cpp.cpp; name = csv.cpp; path = ../arctic/engine/csv.cpp; sourceTree = SOURCE_ROOT; };
		05E25E5A6784A1B37AE3D3DE /* unicode.h */ = {isa = PBXFileReference; fileEncoding = 4; lastKnownFileType = sourcecode.c.h; name = unicode.h; path = ../arctic/engine/unicode.h; sourceTree = SOURCE_ROOT; };
		067B11BD183F3FBCE2254033 /* dual_complex.cpp */ = {isa = PBXFileReference; fileEncoding = 4; lastKnownFileType = sourcecode.cpp.cpp; name = dual_complex.cpp; path = ../arctic/engine/dual_complex.cpp; sourceTree = SOURCE_ROOT; };
		0A3B9E9AFA121CE46F061645 /* ofbx.cpp */ = {isa = PBXFileReference; fileEncoding = 4; lastKnownFileType = sourcecode.cpp.cpp; name = ofbx.cpp; path = ../arctic/engine/ofbx.cpp; sourceTree = SOURCE_ROOT; };
		1136789C333124FA6E6C09CB /* mtq_spmc_array.cpp */ = {isa = PBXFileReference; fileEncoding = 4; lastKnownFileType = sourcecode.cpp.cpp; name = mtq_spmc_array.cpp; path = ../arctic/engine/mtq_spmc_array.cpp; sourceTree = SOURCE_ROOT; };
		11BFB6CED4DD1CEB7B0351CD /* gl_program.cpp */ = {isa = PBXFileReference; fileEncoding = 4; lastKnownFileType = sourcecode.cpp.cpp; name = gl_program.cpp; path = ../arctic/engine/gl_program.cpp; sourceTree = SOURCE_ROOT; };
		12B2010C3B1AE04962410BC0 /* arctic_platform_pi_es_egl.cpp */ = {isa = PBXFileReference; fileEncoding = 4; lastKnownFileType = sourcecode.cpp.cpp; name = arctic_platform_pi_es_egl.cpp; path = ../arctic/engine/arctic_platform_pi_es_egl.cpp; sourceTree = SOURCE_ROOT; };
		2198E7AC1E69ACA78DA433D6 /* pugixml.cpp */ = {isa = PBXFileReference; fileEncoding = 4; lastKnownFileType = sourcecode.cpp.cpp; name = pugixml.cpp; path = ../arctic/engine/pugixml.cpp; sourceTree = SOURCE_ROOT; };
		230A84ACAAA7AFEC5FBF9649 /* mtq_spmc_array.h */ = {isa = PBXFileReference; fileEncoding = 4; lastKnownFileType = sourcecode.c.h; name = mtq_spmc_array.h; path = ../arctic/engine/mtq_spmc_array.h; sourceTree = SOURCE_ROOT; };
		23E1C48B013E25DC57651D37 /* arctic_platform_pi_input.cpp */ = {isa = PBXFileReference; fileEncoding = 4; lastKnownFileType = sourcecode.cpp.cpp; name = arctic_platform_pi_input.cpp; path = ../arctic/engine/arctic_platform_pi_input.cpp; sourceTree = SOURCE_ROOT; };
		2D08AF516C1AD230F831364D /* vec2d.h */ = {isa = PBXFileReference; fileEncoding = 4; lastKnownFileType = sourcecode.c.h; name = vec2d.h; path = ../arctic/engine/vec2d.h; sourceTree = SOURCE_ROOT; };
		2E6FFC372723EF06B4582BD1 /* glext.h */ = {isa = PBXFileReference; fileEncoding = 4; lastKnownFileType = sourcecode.c.h; name = glext.h; path = ../arctic/engine/glext.h; sourceTree = SOURCE_ROOT; };
		2EDBD388B2CBB3509FD68D99 /* bitstream.h */ = {isa = PBXFileReference; fileEncoding = 4; lastKnownFileType = sourcecode.c.h; name = bitstream.h; path = ../arctic/engine/bitstream.h; sourceTree = SOURCE_ROOT; };
		34436CF11F642A66004DD16E /* tiles.app */ = {isa = PBXFileReference; explicitFileType = wrapper.application; includeInIndex = 0; path = tiles.app; sourceTree = BUILT_PRODUCTS_DIR; };
		34436CFD1F642A66004DD16E /* Assets.xcassets */ = {isa = PBXFileReference; lastKnownFileType = folder.assetcatalog; name = Assets.xcassets; path = tiles/Assets.xcassets; sourceTree = "<group>"; };
		34436D021F642A66004DD16E /* Info.plist */ = {isa = PBXFileReference; lastKnownFileType = text.plist.xml; name = Info.plist; path = tiles/Info.plist; sourceTree = "<group>"; };
		34436D0E1F6431CD004DD16E /* Cocoa.framework */ = {isa = PBXFileReference; lastKnownFileType = wrapper.framework; name = Cocoa.framework; path = System/Library/Frameworks/Cocoa.framework; sourceTree = SDKROOT; };
		34436D101F6431D3004DD16E /* OpenGL.framework */ = {isa = PBXFileReference; lastKnownFileType = wrapper.framework; name = OpenGL.framework; path = System/Library/Frameworks/OpenGL.framework; sourceTree = SDKROOT; };
		346399361F7C93AB007E37F2 /* AudioToolbox.framework */ = {isa = PBXFileReference; lastKnownFileType = wrapper.framework; name = AudioToolbox.framework; path = System/Library/Frameworks/AudioToolbox.framework; sourceTree = SDKROOT; };
		346FB0DA201EA50000CAD8E5 /* log.h */ = {isa = PBXFileReference; fileEncoding = 4; lastKnownFileType = sourcecode.c.h; name = log.h; path = ../arctic/engine/log.h; sourceTree = SOURCE_ROOT; };
		346FB0DB201EA50000CAD8E5 /* log.cpp */ = {isa = PBXFileReference; fileEncoding = 4; lastKnownFileType = sourcecode.cpp.cpp; name = log.cpp; path = ../arctic/engine/log.cpp; sourceTree = SOURCE_ROOT; };
		34A37FB31F68AD73005ACF7B /* stb_vorbis.inc */ = {isa = PBXFileReference; explicitFileType = sourcecode.c.h; fileEncoding = 4; name = stb_vorbis.inc; path = ../arctic/engine/stb_vorbis.inc; sourceTree = SOURCE_ROOT; };
		34A37FB41F68AD73005ACF7B /* arctic_platform_windows.cpp */ = {isa = PBXFileReference; fileEncoding = 4; lastKnownFileType = sourcecode.cpp.cpp; name = arctic_platform_windows.cpp; path = ../arctic/engine/arctic_platform_windows.cpp; sourceTree = SOURCE_ROOT; };
		34A37FB51F68AD73005ACF7B /* mat44f.h */ = {isa = PBXFileReference; fileEncoding = 4; lastKnownFileType = sourcecode.c.h; name = mat44f.h; path = ../arctic/engine/mat44f.h; sourceTree = SOURCE_ROOT; };
		34A37FB61F68AD73005ACF7B /* easy.cpp */ = {isa = PBXFileReference; fileEncoding = 4; lastKnownFileType = sourcecode.cpp.cpp; name = easy.cpp; path = ../arctic/engine/easy.cpp; sourceTree = SOURCE_ROOT; };
		34A37FB71F68AD73005ACF7B /* arctic_platform_macosx.mm */ = {isa = PBXFileReference; fileEncoding = 4; lastKnownFileType = sourcecode.cpp.objcpp; name = arctic_platform_macosx.mm; path = ../arctic/engine/arctic_platform_macosx.mm; sourceTree = SOURCE_ROOT; };
		34A37FB81F68AD73005ACF7B /* easy_sprite.cpp */ = {isa = PBXFileReference; fileEncoding = 4; lastKnownFileType = sourcecode.cpp.cpp; name = easy_sprite.cpp; path = ../arctic/engine/easy_sprite.cpp; sourceTree = SOURCE_ROOT; };
		34A37FB91F68AD73005ACF7B /* vec3f.h */ = {isa = PBXFileReference; fileEncoding = 4; lastKnownFileType = sourcecode.c.h; name = vec3f.h; path = ../arctic/engine/vec3f.h; sourceTree = SOURCE_ROOT; };
		34A37FBA1F68AD73005ACF7B /* frustum3f.h */ = {isa = PBXFileReference; fileEncoding = 4; lastKnownFileType = sourcecode.c.h; name = frustum3f.h; path = ../arctic/engine/frustum3f.h; sourceTree = SOURCE_ROOT; };
		34A37FBB1F68AD73005ACF7B /* vec4f.h */ = {isa = PBXFileReference; fileEncoding = 4; lastKnownFileType = sourcecode.c.h; name = vec4f.h; path = ../arctic/engine/vec4f.h; sourceTree = SOURCE_ROOT; };
		34A37FBC1F68AD73005ACF7B /* bound3f.h */ = {isa = PBXFileReference; fileEncoding = 4; lastKnownFileType = sourcecode.c.h; name = bound3f.h; path = ../arctic/engine/bound3f.h; sourceTree = SOURCE_ROOT; };
		34A37FBD1F68AD73005ACF7B /* easy_sprite_instance.cpp */ = {isa = PBXFileReference; fileEncoding = 4; lastKnownFileType = sourcecode.cpp.cpp; name = easy_sprite_instance.cpp; path = ../arctic/engine/easy_sprite_instance.cpp; sourceTree = SOURCE_ROOT; };
		34A37FBE1F68AD73005ACF7B /* engine.cpp */ = {isa = PBXFileReference; fileEncoding = 4; lastKnownFileType = sourcecode.cpp.cpp; name = engine.cpp; path = ../arctic/engine/engine.cpp; sourceTree = SOURCE_ROOT; };
		34A37FBF1F68AD73005ACF7B /* easy_sound_instance.cpp */ = {isa = PBXFileReference; fileEncoding = 4; lastKnownFileType = sourcecode.cpp.cpp; name = easy_sound_instance.cpp; path = ../arctic/engine/easy_sound_instance.cpp; sourceTree = SOURCE_ROOT; };
		34A37FC01F68AD73005ACF7B /* mat33f.h */ = {isa = PBXFileReference; fileEncoding = 4; lastKnownFileType = sourcecode.c.h; name = mat33f.h; path = ../arctic/engine/mat33f.h; sourceTree = SOURCE_ROOT; };
		34A37FC11F68AD73005ACF7B /* easy_sound.cpp */ = {isa = PBXFileReference; fileEncoding = 4; lastKnownFileType = sourcecode.cpp.cpp; name = easy_sound.cpp; path = ../arctic/engine/easy_sound.cpp; sourceTree = SOURCE_ROOT; };
		34A37FC21F68AD73005ACF7B /* vec4si32.h */ = {isa = PBXFileReference; fileEncoding = 4; lastKnownFileType = sourcecode.c.h; name = vec4si32.h; path = ../arctic/engine/vec4si32.h; sourceTree = SOURCE_ROOT; };
		34A37FC31F68AD73005ACF7B /* vec2f.h */ = {isa = PBXFileReference; fileEncoding = 4; lastKnownFileType = sourcecode.c.h; name = vec2f.h; path = ../arctic/engine/vec2f.h; sourceTree = SOURCE_ROOT; };
		34A37FC41F68AD73005ACF7B /* vec3si32.h */ = {isa = PBXFileReference; fileEncoding = 4; lastKnownFileType = sourcecode.c.h; name = vec3si32.h; path = ../arctic/engine/vec3si32.h; sourceTree = SOURCE_ROOT; };
		34A37FC51F68AD73005ACF7B /* arctic_input.h */ = {isa = PBXFileReference; fileEncoding = 4; lastKnownFileType = sourcecode.c.h; name = arctic_input.h; path = ../arctic/engine/arctic_input.h; sourceTree = SOURCE_ROOT; };
		34A37FC61F68AD73005ACF7B /* vec2si32.h */ = {isa = PBXFileReference; fileEncoding = 4; lastKnownFileType = sourcecode.c.h; name = vec2si32.h; path = ../arctic/engine/vec2si32.h; sourceTree = SOURCE_ROOT; };
		34A37FC71F68AD73005ACF7B /* easy_sprite.h */ = {isa = PBXFileReference; fileEncoding = 4; lastKnownFileType = sourcecode.c.h; name = easy_sprite.h; path = ../arctic/engine/easy_sprite.h; sourceTree = SOURCE_ROOT; };
		34A37FC81F68AD73005ACF7B /* bound2f.h */ = {isa = PBXFileReference; fileEncoding = 4; lastKnownFileType = sourcecode.c.h; name = bound2f.h; path = ../arctic/engine/bound2f.h; sourceTree = SOURCE_ROOT; };
		34A37FC91F68AD73005ACF7B /* easy.h */ = {isa = PBXFileReference; fileEncoding = 4; lastKnownFileType = sourcecode.c.h; name = easy.h; path = ../arctic/engine/easy.h; sourceTree = SOURCE_ROOT; };
		34A37FCB1F68AD73005ACF7B /* rgba.h */ = {isa = PBXFileReference; fileEncoding = 4; lastKnownFileType = sourcecode.c.h; name = rgba.h; path = ../arctic/engine/rgba.h; sourceTree = SOURCE_ROOT; };
		34A37FCC1F68AD73005ACF7B /* rgb.h */ = {isa = PBXFileReference; fileEncoding = 4; lastKnownFileType = sourcecode.c.h; name = rgb.h; path = ../arctic/engine/rgb.h; sourceTree = SOURCE_ROOT; };
		34A37FCD1F68AD73005ACF7B /* engine.h */ = {isa = PBXFileReference; fileEncoding = 4; lastKnownFileType = sourcecode.c.h; name = engine.h; path = ../arctic/engine/engine.h; sourceTree = SOURCE_ROOT; };
		34A37FCE1F68AD73005ACF7B /* easy_sound.h */ = {isa = PBXFileReference; fileEncoding = 4; lastKnownFileType = sourcecode.c.h; name = easy_sound.h; path = ../arctic/engine/easy_sound.h; sourceTree = SOURCE_ROOT; };
		34A37FCF1F68AD73005ACF7B /* mat22f.h */ = {isa = PBXFileReference; fileEncoding = 4; lastKnownFileType = sourcecode.c.h; name = mat22f.h; path = ../arctic/engine/mat22f.h; sourceTree = SOURCE_ROOT; };
		34A37FD01F68AD73005ACF7B /* easy_sound_instance.h */ = {isa = PBXFileReference; fileEncoding = 4; lastKnownFileType = sourcecode.c.h; name = easy_sound_instance.h; path = ../arctic/engine/easy_sound_instance.h; sourceTree = SOURCE_ROOT; };
		34A37FD11F68AD73005ACF7B /* arctic_platform.h */ = {isa = PBXFileReference; fileEncoding = 4; lastKnownFileType = sourcecode.c.h; name = arctic_platform.h; path = ../arctic/engine/arctic_platform.h; sourceTree = SOURCE_ROOT; };
		34A37FD21F68AD73005ACF7B /* arctic_input.cpp */ = {isa = PBXFileReference; fileEncoding = 4; lastKnownFileType = sourcecode.cpp.cpp; name = arctic_input.cpp; path = ../arctic/engine/arctic_input.cpp; sourceTree = SOURCE_ROOT; };
		34A37FD31F68AD73005ACF7B /* easy_sprite_instance.h */ = {isa = PBXFileReference; fileEncoding = 4; lastKnownFileType = sourcecode.c.h; name = easy_sprite_instance.h; path = ../arctic/engine/easy_sprite_instance.h; sourceTree = SOURCE_ROOT; };
		34A37FD41F68AD73005ACF7B /* arctic_math.h */ = {isa = PBXFileReference; fileEncoding = 4; lastKnownFileType = sourcecode.c.h; name = arctic_math.h; path = ../arctic/engine/arctic_math.h; sourceTree = SOURCE_ROOT; };
		34A37FD61F68AD73005ACF7B /* scalar_math.h */ = {isa = PBXFileReference; fileEncoding = 4; lastKnownFileType = sourcecode.c.h; name = scalar_math.h; path = ../arctic/engine/scalar_math.h; sourceTree = SOURCE_ROOT; };
		34A37FD71F68AD73005ACF7B /* opengl.h */ = {isa = PBXFileReference; fileEncoding = 4; lastKnownFileType = sourcecode.c.h; name = opengl.h; path = ../arctic/engine/opengl.h; sourceTree = SOURCE_ROOT; };
		34A37FD81F68AD73005ACF7B /* arctic_math.cpp */ = {isa = PBXFileReference; fileEncoding = 4; lastKnownFileType = sourcecode.cpp.cpp; name = arctic_math.cpp; path = ../arctic/engine/arctic_math.cpp; sourceTree = SOURCE_ROOT; };
		34A37FD91F68AD73005ACF7B /* arctic_types.h */ = {isa = PBXFileReference; fileEncoding = 4; lastKnownFileType = sourcecode.c.h; name = arctic_types.h; path = ../arctic/engine/arctic_types.h; sourceTree = SOURCE_ROOT; };
		34A37FDA1F68AD73005ACF7B /* arctic_platform_def.h */ = {isa = PBXFileReference; fileEncoding = 4; lastKnownFileType = sourcecode.c.h; name = arctic_platform_def.h; path = ../arctic/engine/arctic_platform_def.h; sourceTree = SOURCE_ROOT; };
		34AA9D3925F560F50017F271 /* GameController.framework */ = {isa = PBXFileReference; lastKnownFileType = wrapper.framework; name = GameController.framework; path = System/Library/Frameworks/GameController.framework; sourceTree = SDKROOT; };
		34C15959200199EF0029160F /* font.cpp */ = {isa = PBXFileReference; fileEncoding = 4; lastKnownFileType = sourcecode.cpp.cpp; name = font.cpp; path = ../arctic/engine/font.cpp; sourceTree = SOURCE_ROOT; };
		34C1597920019B5C0029160F /* data */ = {isa = PBXFileReference; lastKnownFileType = folder; path = data; sourceTree = SOURCE_ROOT; };
		34C1597A20019B5C0029160F /* main.cpp */ = {isa = PBXFileReference; fileEncoding = 4; lastKnownFileType = sourcecode.cpp.cpp; path = main.cpp; sourceTree = SOURCE_ROOT; };
		34C5F3111FD4E22300A03FA2 /* font.h */ = {isa = PBXFileReference; fileEncoding = 4; lastKnownFileType = sourcecode.c.h; name = font.h; path = ../arctic/engine/font.h; sourceTree = SOURCE_ROOT; };
		35B05FDDFCBE0726E4412B0C /* mtq_base_common.h */ = {isa = PBXFileReference; fileEncoding = 4; lastKnownFileType = sourcecode.c.h; name = mtq_base_common.h; path = ../arctic/engine/mtq_base_common.h; sourceTree = SOURCE_ROOT; };
		384AE1CAA5B34B5E7387D019 /* miniz.h */ = {isa = PBXFileReference; fileEncoding = 4; lastKnownFileType = sourcecode.c.h; name = miniz.h; path = ../arctic/engine/miniz.h; sourceTree = SOURCE_ROOT; };
		3C6A987237CAB6182D64283B /* arctic_mixer.cpp */ = {isa = PBXFileReference; fileEncoding = 4; lastKnownFileType = sourcecode.cpp.cpp; name = arctic_mixer.cpp; path = ../arctic/engine/arctic_mixer.cpp; sourceTree = SOURCE_ROOT; };
		415D9DD2ED84AEEB2A097A68 /* arctic_sound.cpp */ = {isa = PBXFileReference; fileEncoding = 4; lastKnownFileType = sourcecode.cpp.cpp; name = arctic_sound.cpp; path = ../arctic/engine/arctic_sound.cpp; sourceTree = SOURCE_ROOT; };
		4442D55C2DC51925CD47E746 /* pugixml.h */ = {isa = PBXFileReference; fileEncoding = 4; lastKnownFileType = sourcecode.c.h; name = pugixml.h; path = ../arctic/engine/pugixml.h; sourceTree = SOURCE_ROOT; };
		4448C4645655267EB595C855 /* optionparser.h */ = {isa = PBXFileReference; fileEncoding = 4; lastKnownFileType = sourcecode.c.h; name = optionparser.h; path = ../arctic/engine/optionparser.h; sourceTree = SOURCE_ROOT; };
		463D15794A90672689741FA8 /* arctic_mixer.h */ = {isa = PBXFileReference; fileEncoding = 4; lastKnownFileType = sourcecode.c.h; name = arctic_mixer.h; path = ../arctic/engine/arctic_mixer.h; sourceTree = SOURCE_ROOT; };
		4A5F545AC651FDF3A9DF18AC /* arctic_platform_windows_tcpip.cpp */ = {isa = PBXFileReference; fileEncoding = 4; lastKnownFileType = sourcecode.cpp.cpp; name = arctic_platform_windows_tcpip.cpp; path = ../arctic/engine/arctic_platform_windows_tcpip.cpp; sourceTree = SOURCE_ROOT; };
		4BA36FE694482F501D30C34C /* mat22d.h */ = {isa = PBXFileReference; fileEncoding = 4; lastKnownFileType = sourcecode.c.h; name = mat22d.h; path = ../arctic/engine/mat22d.h; sourceTree = SOURCE_ROOT; };
		4C0C29AC6E10204469F4CBF0 /* sound_handle.h */ = {isa = PBXFileReference; fileEncoding = 4; lastKnownFileType = sourcecode.c.h; name = sound_handle.h; path = ../arctic/engine/sound_handle.h; sourceTree = SOURCE_ROOT; };
		4CE8604008C0A82BCDD519C3 /* arctic_platform_sound.h */ = {isa = PBXFileReference; fileEncoding = 4; lastKnownFileType = sourcecode.c.h; name = arctic_platform_sound.h; path = ../arctic/engine/arctic_platform_sound.h; sourceTree = SOURCE_ROOT; };
		503648978B51568B9E3851F5 /* easy_input.h */ = {isa = PBXFileReference; fileEncoding = 4; lastKnownFileType = sourcecode.c.h; name = easy_input.h; path = ../arctic/engine/easy_input.h; sourceTree = SOURCE_ROOT; };
		5276128A1E03BDFB1385AE92 /* test_main.h */ = {isa = PBXFileReference; fileEncoding = 4; lastKnownFileType = sourcecode.c.h; name = test_main.h; path = ../arctic/engine/test_main.h; sourceTree = SOURCE_ROOT; };
		5897FCB09688E9CC19F868C5 /* arctic_platform_tcpip.h */ = {isa = PBXFileReference; fileEncoding = 4; lastKnownFileType = sourcecode.c.h; name = arctic_platform_tcpip.h; path = ../arctic/engine/arctic_platform_tcpip.h; sourceTree = SOURCE_ROOT; };
		58F823ACDD6E31EE91330246 /* gl_texture2d.cpp */ = {isa = PBXFileReference; fileEncoding = 4; lastKnownFileType = sourcecode.cpp.cpp; name = gl_texture2d.cpp; path = ../arctic/engine/gl_texture2d.cpp; sourceTree = SOURCE_ROOT; };
		59DD71EB9A707F727BBFB6B7 /* gl_framebuffer.cpp */ = {isa = PBXFileReference; fileEncoding = 4; lastKnownFileType = sourcecode.cpp.cpp; name = gl_framebuffer.cpp; path = ../arctic/engine/gl_framebuffer.cpp; sourceTree = SOURCE_ROOT; };
		59EC26A15E91725C1E6F49D9 /* template_tune.h */ = {isa = PBXFileReference; fileEncoding = 4; lastKnownFileType = sourcecode.c.h; name = template_tune.h; path = ../arctic/engine/template_tune.h; sourceTree = SOURCE_ROOT; };
		5B4E1CCD9940934E0A628C5B /* arctic_platform_pi_fatal.cpp */ = {isa = PBXFileReference; fileEncoding = 4; lastKnownFileType = sourcecode.cpp.cpp; name = arctic_platform_pi_fatal.cpp; path = ../arctic/engine/arctic_platform_pi_fatal.cpp; sourceTree = SOURCE_ROOT; };
		5E6578868E48B55A970810AD /* glcorearb.h */ = {isa = PBXFileReference; fileEncoding = 4; lastKnownFileType = sourcecode.c.h; name = glcorearb.h; path = ../arctic/engine/glcorearb.h; sourceTree = SOURCE_ROOT; };
		63A7944EA877315D43E453C4 /* mtq_fixed_block_queue.cpp */ = {isa = PBXFileReference; fileEncoding = 4; lastKnownFileType = sourcecode.cpp.cpp; name = mtq_fixed_block_queue.cpp; path = ../arctic/engine/mtq_fixed_block_queue.cpp; sourceTree = SOURCE_ROOT; };
		6B952F2D822E2EE1E02FF08B /* mtq_mpsc_tail_swap.h */ = {isa = PBXFileReference; fileEncoding = 4; lastKnownFileType = sourcecode.c.h; name = mtq_mpsc_tail_swap.h; path = ../arctic/engine/mtq_mpsc_tail_swap.h; sourceTree = SOURCE_ROOT; };
		72D3B8B96971DC4D36BDBC12 /* easing.h */ = {isa = PBXFileReference; fileEncoding = 4; lastKnownFileType = sourcecode.c.h; name = easing.h; path = ../arctic/engine/easing.h; sourceTree = SOURCE_ROOT; };
		78D0E0765E1712C591BCADFE /* easy_hw_sprite_instance.h */ = {isa = PBXFileReference; fileEncoding = 4; lastKnownFileType = sourcecode.c.h; name = easy_hw_sprite_instance.h; path = ../arctic/engine/easy_hw_sprite_instance.h; sourceTree = SOURCE_ROOT; };
		797D25CB94172F33481ED67D /* easy_drawing.h */ = {isa = PBXFileReference; fileEncoding = 4; lastKnownFileType = sourcecode.c.h; name = easy_drawing.h; path = ../arctic/engine/easy_drawing.h; sourceTree = SOURCE_ROOT; };
		797F95B9885395F5F27D127E /* decorated_frame.h */ = {isa = PBXFileReference; fileEncoding = 4; lastKnownFileType = sourcecode.c.h; name = decorated_frame.h; path = ../arctic/engine/decorated_frame.h; sourceTree = SOURCE_ROOT; };
		798D304EF84583C04BFA5F33 /* unicode.cpp */ = {isa = PBXFileReference; fileEncoding = 4; lastKnownFileType = sourcecode.cpp.cpp; name = unicode.cpp; path = ../arctic/engine/unicode.cpp; sourceTree = SOURCE_ROOT; };
		79FB15A6980579C3B4958055 /* ofbx.h */ = {isa = PBXFileReference; fileEncoding = 4; lastKnownFileType = sourcecode.c.h; name = ofbx.h; path = ../arctic/engine/ofbx.h; sourceTree = SOURCE_ROOT; };
		7B572EA8991B10352D47DD08 /* array2.h */ = {isa = PBXFileReference; fileEncoding = 4; lastKnownFileType = sourcecode.c.h; name = array2.h; path = ../arctic/engine/array2.h; sourceTree = SOURCE_ROOT; };
		7F95DFFC659CE1DB93B47831 /* easy_files.h */ = {isa = PBXFileReference; fileEncoding = 4; lastKnownFileType = sourcecode.c.h; name = easy_files.h; path = ../arctic/engine/easy_files.h; sourceTree = SOURCE_ROOT; };
		88070E90C862F4690C89C334 /* pugiconfig.h */ = {isa = PBXFileReference; fileEncoding = 4; lastKnownFileType = sourcecode.c.h; name = pugiconfig.h; path = ../arctic/engine/pugiconfig.h; sourceTree = SOURCE_ROOT; };
		88B3D5C0866E69F9A6915B58 /* mtq_mpsc_vinfarr.h */ = {isa = PBXFileReference; fileEncoding = 4; lastKnownFileType = sourcecode.c.h; name = mtq_mpsc_vinfarr.h; path = ../arctic/engine/mtq_mpsc_vinfarr.h; sourceTree = SOURCE_ROOT; };
		88E9147A6DC52A368AC92D1E /* csv.h */ = {isa = PBXFileReference; fileEncoding = 4; lastKnownFileType = sourcecode.c.h; name = csv.h; path = ../arctic/engine/csv.h; sourceTree = SOURCE_ROOT; };
		8B8F380B19C148CC06F370A6 /* gl_program.h */ = {isa = PBXFileReference; fileEncoding = 4; lastKnownFileType = sourcecode.c.h; name = gl_program.h; path = ../arctic/engine/gl_program.h; sourceTree = SOURCE_ROOT; };
		8C0AE614107680A3CFD0806C /* transform3f.cpp */ = {isa = PBXFileReference; fileEncoding = 4; lastKnownFileType = sourcecode.cpp.cpp; name = transform3f.cpp; path = ../arctic/engine/transform3f.cpp; sourceTree = SOURCE_ROOT; };
		8D32E48AFFE59B71C0EE1F49 /* gl_state.cpp */ = {isa = PBXFileReference; fileEncoding = 4; lastKnownFileType = sourcecode.cpp.cpp; name = gl_state.cpp; path = ../arctic/engine/gl_state.cpp; sourceTree = SOURCE_ROOT; };
		8E22E70C4797BBF20D89BCFC /* arctic_platform_pi_byteorder.cpp */ = {isa = PBXFileReference; fileEncoding = 4; lastKnownFileType = sourcecode.cpp.cpp; name = arctic_platform_pi_byteorder.cpp; path = ../arctic/engine/arctic_platform_pi_byteorder.cpp; sourceTree = SOURCE_ROOT; };
		902D785885A862E120953CD5 /* easy_hw_sprite.cpp */ = {isa = PBXFileReference; fileEncoding = 4; lastKnownFileType = sourcecode.cpp.cpp; name = easy_hw_sprite.cpp; path = ../arctic/engine/easy_hw_sprite.cpp; sourceTree = SOURCE_ROOT; };
		913E1F096FDE397A2DEFF1B9 /* easy_hw_sprite_instance.cpp */ = {isa = PBXFileReference; fileEncoding = 4; lastKnownFileType = sourcecode.cpp.cpp; name = easy_hw_sprite_instance.cpp; path = ../arctic/engine/easy_hw_sprite_instance.cpp; sourceTree = SOURCE_ROOT; };
		9CEFF705771840AE83F8E198 /* arctic_platform_pi_opengl_glx.cpp */ = {isa = PBXFileReference; fileEncoding = 4; lastKnownFileType = sourcecode.cpp.cpp; name = arctic_platform_pi_opengl_glx.cpp; path = ../arctic/engine/arctic_platform_pi_opengl_glx.cpp; sourceTree = SOURCE_ROOT; };
		9DBC677C574FFA52D2D6ACF6 /* gl_texture2d.h */ = {isa = PBXFileReference; fileEncoding = 4; lastKnownFileType = sourcecode.c.h; name = gl_texture2d.h; path = ../arctic/engine/gl_texture2d.h; sourceTree = SOURCE_ROOT; };
		A00994533D63435699200011 /* arctic_platform_byteorder.h */ = {isa = PBXFileReference; fileEncoding = 4; lastKnownFileType = sourcecode.c.h; name = arctic_platform_byteorder.h; path = ../arctic/engine/arctic_platform_byteorder.h; sourceTree = SOURCE_ROOT; };
		A676D07D6774DBFD1EE3C74A /* easy_hw_sprite.h */ = {isa = PBXFileReference; fileEncoding = 4; lastKnownFileType = sourcecode.c.h; name = easy_hw_sprite.h; path = ../arctic/engine/easy_hw_sprite.h; sourceTree = SOURCE_ROOT; };
		B296406BC261015BE6396E24 /* test.h */ = {isa = PBXFileReference; fileEncoding = 4; lastKnownFileType = sourcecode.c.h; name = test.h; path = ../arctic/engine/test.h; sourceTree = SOURCE_ROOT; };
		B3F1CCF3661F6BE6BADD022E /* arctic_platform_pi_sound.cpp */ = {isa = PBXFileReference; fileEncoding = 4; lastKnownFileType = sourcecode.cpp.cpp; name = arctic_platform_pi_sound.cpp; path = ../arctic/engine/arctic_platform_pi_sound.cpp; sourceTree = SOURCE_ROOT; };
		B772DF555BF7C729E4E43EFF /* arctic_platform_pi_filesystem.cpp */ = {isa = PBXFileReference; fileEncoding = 4; lastKnownFileType = sourcecode.cpp.cpp; name = arctic_platform_pi_filesystem.cpp; path = ../arctic/engine/arctic_platform_pi_filesystem.cpp; sourceTree = SOURCE_ROOT; };
		B89071D5A669A1AECD55B1A1 /* miniz.c */ = {isa = PBXFileReference; fileEncoding = 4; lastKnownFileType = sourcecode.cpp.cpp; name = miniz.c; path = ../arctic/engine/miniz.c; sourceTree = SOURCE_ROOT; };
		B9B1793E08059B74497CEF36 /* gui.cpp */ = {isa = PBXFileReference; fileEncoding = 4; lastKnownFileType = sourcecode.cpp.cpp; name = gui.cpp; path = ../arctic/engine/gui.cpp; sourceTree = SOURCE_ROOT; };
		C6C0F6109E7D4A649AF3F542 /* easy_advanced.h */ = {isa = PBXFileReference; fileEncoding = 4; lastKnownFileType = sourcecode.c.h; name = easy_advanced.h; path = ../arctic/engine/easy_advanced.h; sourceTree = SOURCE_ROOT; };
		C6CB80AF5EA70CADEBBE35C7 /* mtq_mempool_allocator.h */ = {isa = PBXFileReference; fileEncoding = 4; lastKnownFileType = sourcecode.c.h; name = mtq_mempool_allocator.h; path = ../arctic/engine/mtq_mempool_allocator.h; sourceTree = SOURCE_ROOT; };
		C7189A0B48E6ACADD6B765F6 /* bitstream.cpp */ = {isa = PBXFileReference; fileEncoding = 4; lastKnownFileType = sourcecode.cpp.cpp; name = bitstream.cpp; path = ../arctic/engine/bitstream.cpp; sourceTree = SOURCE_ROOT; };
		C74BC1EB93EB08CD3587E564 /* arctic_platform_pi_tcpip.cpp */ = {isa = PBXFileReference; fileEncoding = 4; lastKnownFileType = sourcecode.cpp.cpp; name = arctic_platform_pi_tcpip.cpp; path = ../arctic/engine/arctic_platform_pi_tcpip.cpp; sourceTree = SOURCE_ROOT; };
		C913A11F0BD8E46E1F3EC222 /* gui.h */ = {isa = PBXFileReference; fileEncoding = 4; lastKnownFileType = sourcecode.c.h; name = gui.h; path = ../arctic/engine/gui.h; sourceTree = SOURCE_ROOT; };
		CABCFE34A6F24C18F44909B1 /* cpplint.cfg */ = {isa = PBXFileReference; fileEncoding = 4; lastKnownFileType = sourcecode.cpp.cpp; name = cpplint.cfg; path = ../arctic/engine/cpplint.cfg; sourceTree = SOURCE_ROOT; };
		CBDDE86A4B73FF6BF2C07017 /* arctic_platform_fatal.h */ = {isa = PBXFileReference; fileEncoding = 4; lastKnownFileType = sourcecode.c.h; name = arctic_platform_fatal.h; path = ../arctic/engine/arctic_platform_fatal.h; sourceTree = SOURCE_ROOT; };
		CD86F1274D48C62658A06305 /* node2f.h */ = {isa = PBXFileReference; fileEncoding = 4; lastKnownFileType = sourcecode.c.h; name = node2f.h; path = ../arctic/engine/node2f.h; sourceTree = SOURCE_ROOT; };
		D2D368FBFDC2AF31047014F1 /* quaternion.cpp */ = {isa = PBXFileReference; fileEncoding = 4; lastKnownFileType = sourcecode.cpp.cpp; name = quaternion.cpp; path = ../arctic/engine/quaternion.cpp; sourceTree = SOURCE_ROOT; };
		D5A52D54ACD22C70F82A5DFF /* gl_buffer.h */ = {isa = PBXFileReference; fileEncoding = 4; lastKnownFileType = sourcecode.c.h; name = gl_buffer.h; path = ../arctic/engine/gl_buffer.h; sourceTree = SOURCE_ROOT; };
		E4045EE8ED8CCB1D86AC5282 /* quaternion.h */ = {isa = PBXFileReference; fileEncoding = 4; lastKnownFileType = sourcecode.c.h; name = quaternion.h; path = ../arctic/engine/quaternion.h; sourceTree = SOURCE_ROOT; };
		E708611C47A8256A983137F6 /* arctic_platform_windows_sound.cpp */ = {isa = PBXFileReference; fileEncoding = 4; lastKnownFileType = sourcecode.cpp.cpp; name = arctic_platform_windows_sound.cpp; path = ../arctic/engine/arctic_platform_windows_sound.cpp; sourceTree = SOURCE_ROOT; };
		EBE02E8CA71C48A1974A3D87 /* code.inc.h */ = {isa = PBXFileReference; fileEncoding = 4; lastKnownFileType = sourcecode.c.h; name = code.inc.h; path = ./code.inc.h; sourceTree = SOURCE_ROOT; tabWidth = 4; };
		F5997FCAA6033D99EE1F825D /* mtq_mpmc_befsbfsp_allocator.h */ = {isa = PBXFileReference; fileEncoding = 4; lastKnownFileType = sourcecode.c.h; name = mtq_mpmc_befsbfsp_allocator.h; path = ../arctic/engine/mtq_mpmc_befsbfsp_allocator.h; sourceTree = SOURCE_ROOT; };
		F9D1888B24AA0CE857B6F81E /* easy_util.h */ = {isa = PBXFileReference; fileEncoding = 4; lastKnownFileType = sourcecode.c.h; name = easy_util.h; path = ../arctic/engine/easy_util.h; sourceTree = SOURCE_ROOT; };
		FDF98F6ADC95AC2B972B11A8 /* dual_complex.h */ = {isa = PBXFileReference; fileEncoding = 4; lastKnownFileType = sourcecode.c.h; name = dual_complex.h; path = ../arctic/engine/dual_complex.h; sourceTree = SOURCE_ROOT; };
		FFAA8FF72D44232CF15706D7 /* transform3f.h */ = {isa = PBXFileReference; fileEncoding = 4; lastKnownFileType = sourcecode.c.h; name = transform3f.h; path = ../arctic/engine/transform3f.h; sourceTree = SOURCE_ROOT; };
/* End PBXFileReference section */

/* Begin PBXFrameworksBuildPhase section */
		34436CEE1F642A66004DD16E /* Frameworks */ = {
			isa = PBXFrameworksBuildPhase;
			buildActionMask = 2147483647;
			files = (
				346399371F7C93AB007E37F2 /* AudioToolbox.framework in Frameworks */,
				34436D111F6431D3004DD16E /* OpenGL.framework in Frameworks */,
				34AA9D3A25F560F50017F271 /* GameController.framework in Frameworks */,
				34436D0F1F6431CD004DD16E /* Cocoa.framework in Frameworks */,
			);
			runOnlyForDeploymentPostprocessing = 0;
		};
/* End PBXFrameworksBuildPhase section */

/* Begin PBXGroup section */
		34436CE81F642A66004DD16E = {
			isa = PBXGroup;
			children = (
				34436CF31F642A66004DD16E /* tiles */,
				34436CF21F642A66004DD16E /* Products */,
				34436D0D1F6431CD004DD16E /* Frameworks */,
			);
			sourceTree = "<group>";
		};
		34436CF21F642A66004DD16E /* Products */ = {
			isa = PBXGroup;
			children = (
				34436CF11F642A66004DD16E /* tiles.app */,
			);
			name = Products;
			sourceTree = "<group>";
		};
		34436CF31F642A66004DD16E /* tiles */ = {
			isa = PBXGroup;
			children = (
				34C1597920019B5C0029160F /* data */,
				34C1597A20019B5C0029160F /* main.cpp */,
				EBE02E8CA71C48A1974A3D87 /* code.inc.h */,
				34A37FB21F68AD4E005ACF7B /* engine */,
				34436CFD1F642A66004DD16E /* Assets.xcassets */,
				34436D021F642A66004DD16E /* Info.plist */,
				34436CF71F642A66004DD16E /* Supporting Files */,
			);
			name = tiles;
			path = ..;
			sourceTree = "<group>";
		};
		34436CF71F642A66004DD16E /* Supporting Files */ = {
			isa = PBXGroup;
			children = (
			);
			name = "Supporting Files";
			sourceTree = "<group>";
		};
		34436D0D1F6431CD004DD16E /* Frameworks */ = {
			isa = PBXGroup;
			children = (
				34AA9D3925F560F50017F271 /* GameController.framework */,
				346399361F7C93AB007E37F2 /* AudioToolbox.framework */,
				34436D101F6431D3004DD16E /* OpenGL.framework */,
				34436D0E1F6431CD004DD16E /* Cocoa.framework */,
			);
			name = Frameworks;
			sourceTree = "<group>";
		};
		34A37FB21F68AD4E005ACF7B /* engine */ = {
			isa = PBXGroup;
			children = (
				346FB0DB201EA50000CAD8E5 /* log.cpp */,
				346FB0DA201EA50000CAD8E5 /* log.h */,
				34C15959200199EF0029160F /* font.cpp */,
				34C5F3111FD4E22300A03FA2 /* font.h */,
				34A37FD21F68AD73005ACF7B /* arctic_input.cpp */,
				34A37FC51F68AD73005ACF7B /* arctic_input.h */,
				34A37FD81F68AD73005ACF7B /* arctic_math.cpp */,
				34A37FD41F68AD73005ACF7B /* arctic_math.h */,
				34A37FDA1F68AD73005ACF7B /* arctic_platform_def.h */,
				34A37FB71F68AD73005ACF7B /* arctic_platform_macosx.mm */,
				34A37FB41F68AD73005ACF7B /* arctic_platform_windows.cpp */,
				34A37FD11F68AD73005ACF7B /* arctic_platform.h */,
				34A37FD91F68AD73005ACF7B /* arctic_types.h */,
				34A37FC81F68AD73005ACF7B /* bound2f.h */,
				34A37FBC1F68AD73005ACF7B /* bound3f.h */,
				34A37FBF1F68AD73005ACF7B /* easy_sound_instance.cpp */,
				34A37FD01F68AD73005ACF7B /* easy_sound_instance.h */,
				34A37FC11F68AD73005ACF7B /* easy_sound.cpp */,
				34A37FCE1F68AD73005ACF7B /* easy_sound.h */,
				34A37FBD1F68AD73005ACF7B /* easy_sprite_instance.cpp */,
				34A37FD31F68AD73005ACF7B /* easy_sprite_instance.h */,
				34A37FB81F68AD73005ACF7B /* easy_sprite.cpp */,
				34A37FC71F68AD73005ACF7B /* easy_sprite.h */,
				34A37FB61F68AD73005ACF7B /* easy.cpp */,
				34A37FC91F68AD73005ACF7B /* easy.h */,
				34A37FBE1F68AD73005ACF7B /* engine.cpp */,
				88E9147A6DC52A368AC92D1E /* csv.h */,
				FDF98F6ADC95AC2B972B11A8 /* dual_complex.h */,
				503648978B51568B9E3851F5 /* easy_input.h */,
				F9D1888B24AA0CE857B6F81E /* easy_util.h */,
				4448C4645655267EB595C855 /* optionparser.h */,
				012DF6EEBCD8A8AC39C1AE4C /* gl_buffer.cpp */,
				067B11BD183F3FBCE2254033 /* dual_complex.cpp */,
				72D3B8B96971DC4D36BDBC12 /* easing.h */,
				B89071D5A669A1AECD55B1A1 /* miniz.c */,
				CBDDE86A4B73FF6BF2C07017 /* arctic_platform_fatal.h */,
				11BFB6CED4DD1CEB7B0351CD /* gl_program.cpp */,
				C7189A0B48E6ACADD6B765F6 /* bitstream.cpp */,
				902D785885A862E120953CD5 /* easy_hw_sprite.cpp */,
				0559F8CF604FAA5151E4AF83 /* mtq_fixed_block_queue.h */,
				05891BD24C379620FF462213 /* csv.cpp */,
				797F95B9885395F5F27D127E /* decorated_frame.h */,
				9DBC677C574FFA52D2D6ACF6 /* gl_texture2d.h */,
				59DD71EB9A707F727BBFB6B7 /* gl_framebuffer.cpp */,
				FFAA8FF72D44232CF15706D7 /* transform3f.h */,
				5276128A1E03BDFB1385AE92 /* test_main.h */,
				4A5F545AC651FDF3A9DF18AC /* arctic_platform_windows_tcpip.cpp */,
				C74BC1EB93EB08CD3587E564 /* arctic_platform_pi_tcpip.cpp */,
				2D08AF516C1AD230F831364D /* vec2d.h */,
				B296406BC261015BE6396E24 /* test.h */,
				88B3D5C0866E69F9A6915B58 /* mtq_mpsc_vinfarr.h */,
				E4045EE8ED8CCB1D86AC5282 /* quaternion.h */,
				8E22E70C4797BBF20D89BCFC /* arctic_platform_pi_byteorder.cpp */,
				23E1C48B013E25DC57651D37 /* arctic_platform_pi_input.cpp */,
				0444F9AF098747B7518866EB /* gl_framebuffer.h */,
				3C6A987237CAB6182D64283B /* arctic_mixer.cpp */,
				1136789C333124FA6E6C09CB /* mtq_spmc_array.cpp */,
				0462B71D6B0BD5BD21855EB6 /* transform2f.h */,
				8B8F380B19C148CC06F370A6 /* gl_program.h */,
				913E1F096FDE397A2DEFF1B9 /* easy_hw_sprite_instance.cpp */,
				797D25CB94172F33481ED67D /* easy_drawing.h */,
				384AE1CAA5B34B5E7387D019 /* miniz.h */,
				12B2010C3B1AE04962410BC0 /* arctic_platform_pi_es_egl.cpp */,
				8C0AE614107680A3CFD0806C /* transform3f.cpp */,
				C913A11F0BD8E46E1F3EC222 /* gui.h */,
				05E25E5A6784A1B37AE3D3DE /* unicode.h */,
				463D15794A90672689741FA8 /* arctic_mixer.h */,
				C6CB80AF5EA70CADEBBE35C7 /* mtq_mempool_allocator.h */,
				63A7944EA877315D43E453C4 /* mtq_fixed_block_queue.cpp */,
				35B05FDDFCBE0726E4412B0C /* mtq_base_common.h */,
				2E6FFC372723EF06B4582BD1 /* glext.h */,
				5B4E1CCD9940934E0A628C5B /* arctic_platform_pi_fatal.cpp */,
				2EDBD388B2CBB3509FD68D99 /* bitstream.h */,
				B9B1793E08059B74497CEF36 /* gui.cpp */,
				88070E90C862F4690C89C334 /* pugiconfig.h */,
				6B952F2D822E2EE1E02FF08B /* mtq_mpsc_tail_swap.h */,
				4442D55C2DC51925CD47E746 /* pugixml.h */,
				415D9DD2ED84AEEB2A097A68 /* arctic_sound.cpp */,
				017DBD30D415CE863514F910 /* arctic_platform_macosx_sound.mm */,
				79FB15A6980579C3B4958055 /* ofbx.h */,
				2198E7AC1E69ACA78DA433D6 /* pugixml.cpp */,
				CD86F1274D48C62658A06305 /* node2f.h */,
				D2D368FBFDC2AF31047014F1 /* quaternion.cpp */,
				B772DF555BF7C729E4E43EFF /* arctic_platform_pi_filesystem.cpp */,
				C6C0F6109E7D4A649AF3F542 /* easy_advanced.h */,
				E708611C47A8256A983137F6 /* arctic_platform_windows_sound.cpp */,
				78D0E0765E1712C591BCADFE /* easy_hw_sprite_instance.h */,
				9CEFF705771840AE83F8E198 /* arctic_platform_pi_opengl_glx.cpp */,
				59EC26A15E91725C1E6F49D9 /* template_tune.h */,
				7F95DFFC659CE1DB93B47831 /* easy_files.h */,
				58F823ACDD6E31EE91330246 /* gl_texture2d.cpp */,
				D5A52D54ACD22C70F82A5DFF /* gl_buffer.h */,
				4C0C29AC6E10204469F4CBF0 /* sound_handle.h */,
				7B572EA8991B10352D47DD08 /* array2.h */,
				4BA36FE694482F501D30C34C /* mat22d.h */,
				CABCFE34A6F24C18F44909B1 /* cpplint.cfg */,
				0317A32E55621EF52187C420 /* sound_handle.cpp */,
				230A84ACAAA7AFEC5FBF9649 /* mtq_spmc_array.h */,
				5E6578868E48B55A970810AD /* glcorearb.h */,
				0A3B9E9AFA121CE46F061645 /* ofbx.cpp */,
				B3F1CCF3661F6BE6BADD022E /* arctic_platform_pi_sound.cpp */,
				03BE9DF2849B62029B60BA8A /* sound_task.h */,
				5897FCB09688E9CC19F868C5 /* arctic_platform_tcpip.h */,
				035530622E54D6A729E4409F /* gl_state.h */,
				F5997FCAA6033D99EE1F825D /* mtq_mpmc_befsbfsp_allocator.h */,
				A676D07D6774DBFD1EE3C74A /* easy_hw_sprite.h */,
				798D304EF84583C04BFA5F33 /* unicode.cpp */,
				A00994533D63435699200011 /* arctic_platform_byteorder.h */,
				8D32E48AFFE59B71C0EE1F49 /* gl_state.cpp */,
				4CE8604008C0A82BCDD519C3 /* arctic_platform_sound.h */,
				34A37FCD1F68AD73005ACF7B /* engine.h */,
				34A37FBA1F68AD73005ACF7B /* frustum3f.h */,
				34A37FCF1F68AD73005ACF7B /* mat22f.h */,
				34A37FC01F68AD73005ACF7B /* mat33f.h */,
				34A37FB51F68AD73005ACF7B /* mat44f.h */,
				34A37FD71F68AD73005ACF7B /* opengl.h */,
				34A37FCC1F68AD73005ACF7B /* rgb.h */,
				34A37FCB1F68AD73005ACF7B /* rgba.h */,
				34A37FD61F68AD73005ACF7B /* scalar_math.h */,
				34A37FB31F68AD73005ACF7B /* stb_vorbis.inc */,
				34A37FC31F68AD73005ACF7B /* vec2f.h */,
				34A37FC61F68AD73005ACF7B /* vec2si32.h */,
				34A37FB91F68AD73005ACF7B /* vec3f.h */,
				34A37FC41F68AD73005ACF7B /* vec3si32.h */,
				34A37FBB1F68AD73005ACF7B /* vec4f.h */,
				34A37FC21F68AD73005ACF7B /* vec4si32.h */,
			);
			indentWidth = 2;
			name = engine;
			path = ../arctic;
			sourceTree = SOURCE_ROOT;
			tabWidth = 2;
			usesTabs = 0;
		};
/* End PBXGroup section */

/* Begin PBXNativeTarget section */
		34436CF01F642A66004DD16E /* tiles */ = {
			isa = PBXNativeTarget;
			buildConfigurationList = 34436D051F642A66004DD16E /* Build configuration list for PBXNativeTarget "tiles" */;
			buildPhases = (
				34436CED1F642A66004DD16E /* Sources */,
				34436CEE1F642A66004DD16E /* Frameworks */,
				34436CEF1F642A66004DD16E /* Resources */,
			);
			buildRules = (
			);
			dependencies = (
			);
			name = tiles;
			productName = tiles;
			productReference = 34436CF11F642A66004DD16E /* tiles.app */;
			productType = "com.apple.product-type.application";
		};
/* End PBXNativeTarget section */

/* Begin PBXProject section */
		34436CE91F642A66004DD16E /* Project object */ = {
			isa = PBXProject;
			attributes = {
				LastUpgradeCheck = 1020;
				ORGANIZATIONNAME = Arctic;
				TargetAttributes = {
					34436CF01F642A66004DD16E = {
						CreatedOnToolsVersion = 8.3.3;
						ProvisioningStyle = Automatic;
					};
				};
			};
			buildConfigurationList = 34436CEC1F642A66004DD16E /* Build configuration list for PBXProject "tiles" */;
			compatibilityVersion = "Xcode 3.2";
			developmentRegion = en;
			hasScannedForEncodings = 0;
			knownRegions = (
				en,
				Base,
			);
			mainGroup = 34436CE81F642A66004DD16E;
			productRefGroup = 34436CF21F642A66004DD16E /* Products */;
			projectDirPath = "";
			projectRoot = "";
			targets = (
				34436CF01F642A66004DD16E /* tiles */,
			);
		};
/* End PBXProject section */

/* Begin PBXResourcesBuildPhase section */
		34436CEF1F642A66004DD16E /* Resources */ = {
			isa = PBXResourcesBuildPhase;
			buildActionMask = 2147483647;
			files = (
				34C1597B20019B5C0029160F /* data in Resources */,
				34436CFE1F642A66004DD16E /* Assets.xcassets in Resources */,
			);
			runOnlyForDeploymentPostprocessing = 0;
		};
/* End PBXResourcesBuildPhase section */

/* Begin PBXSourcesBuildPhase section */
		34436CED1F642A66004DD16E /* Sources */ = {
			isa = PBXSourcesBuildPhase;
			buildActionMask = 2147483647;
			files = (
				34A37FDC1F68AD73005ACF7B /* arctic_platform_windows.cpp in Sources */,
				34A37FDE1F68AD73005ACF7B /* arctic_platform_macosx.mm in Sources */,
				34A37FE11F68AD73005ACF7B /* engine.cpp in Sources */,
				7E4B42EC2D3FF8D6109BDD8E /* gl_buffer.cpp in Sources */,
				C3386CABDBB1AF24102F0658 /* dual_complex.cpp in Sources */,
				22BCA4B9F5ED5B4CB565A50B /* miniz.c in Sources */,
				686D702F352E0F20C4A711BB /* gl_program.cpp in Sources */,
				C31709498112D440E939C1F1 /* bitstream.cpp in Sources */,
				23F43334AE3579FAA1239605 /* easy_hw_sprite.cpp in Sources */,
				D454A444D55A9F91553DE98E /* csv.cpp in Sources */,
				73E88D3FBBC742CA2D9E1F81 /* gl_framebuffer.cpp in Sources */,
				E1E3F60A433D72448F95ACCE /* arctic_platform_windows_tcpip.cpp in Sources */,
				B4B3BF89D167664B634B0217 /* arctic_platform_pi_tcpip.cpp in Sources */,
				E3F76BDFF07A47066E2E7D91 /* arctic_platform_pi_byteorder.cpp in Sources */,
				76F8B5A1520CBDA94F751645 /* arctic_platform_pi_input.cpp in Sources */,
				E1801236F1EB8F3885647596 /* arctic_mixer.cpp in Sources */,
				EF7B3A7F50715F78438A3D97 /* mtq_spmc_array.cpp in Sources */,
				0047D6733495B9EF64CB4A68 /* easy_hw_sprite_instance.cpp in Sources */,
				76959829F521F574D26655F7 /* arctic_platform_pi_es_egl.cpp in Sources */,
				6EC8623536C4542DBBE36385 /* transform3f.cpp in Sources */,
				A905E1ACD49D1DFB1ADB6F5D /* mtq_fixed_block_queue.cpp in Sources */,
				17CC145C7A0766C0B90919A1 /* arctic_platform_pi_fatal.cpp in Sources */,
				EA60D841882F1DE7BC8DEB33 /* gui.cpp in Sources */,
				1FDBDEDE4937CDDACD6B4BE5 /* arctic_sound.cpp in Sources */,
				7C39C836FCA4E38AC3A894E9 /* arctic_platform_macosx_sound.mm in Sources */,
				31F3A87D1F98370C7E915F18 /* pugixml.cpp in Sources */,
				757165062F262EA597452531 /* quaternion.cpp in Sources */,
				0D59C9D4580A4499BAD628AD /* arctic_platform_pi_filesystem.cpp in Sources */,
				AA556BC283965A762EA5EDE7 /* arctic_platform_windows_sound.cpp in Sources */,
				18EB8942291D39306F1B3576 /* arctic_platform_pi_opengl_glx.cpp in Sources */,
				C2BF73E8A28CBB444CBD8D40 /* gl_texture2d.cpp in Sources */,
				F94AD0F8406242A85CC2DDAC /* sound_handle.cpp in Sources */,
				88D966A3F13423DF6E3DFACE /* ofbx.cpp in Sources */,
				2B470DEF03D5D81E153F77D5 /* arctic_platform_pi_sound.cpp in Sources */,
				8C3B13CD2931662CDDD47449 /* unicode.cpp in Sources */,
				51ECEA7FC979F7D44EB1F2CB /* gl_state.cpp in Sources */,
				34A37FDF1F68AD73005ACF7B /* easy_sprite.cpp in Sources */,
				34A37FE01F68AD73005ACF7B /* easy_sprite_instance.cpp in Sources */,
				34C1595A200199EF0029160F /* font.cpp in Sources */,
				34A37FE61F68AD73005ACF7B /* arctic_math.cpp in Sources */,
				346FB0DC201EA50000CAD8E5 /* log.cpp in Sources */,
				34A37FE21F68AD73005ACF7B /* easy_sound_instance.cpp in Sources */,
				34A37FE51F68AD73005ACF7B /* arctic_input.cpp in Sources */,
				34A37FE31F68AD73005ACF7B /* easy_sound.cpp in Sources */,
				34C1597C20019B5C0029160F /* main.cpp in Sources */,
				34A37FDD1F68AD73005ACF7B /* easy.cpp in Sources */,
			);
			runOnlyForDeploymentPostprocessing = 0;
		};
/* End PBXSourcesBuildPhase section */

/* Begin XCBuildConfiguration section */
		34436D031F642A66004DD16E /* Debug */ = {
			isa = XCBuildConfiguration;
			buildSettings = {
				ALWAYS_SEARCH_USER_PATHS = NO;
				CLANG_ANALYZER_LOCALIZABILITY_NONLOCALIZED = YES;
				CLANG_ANALYZER_NONNULL = YES;
				CLANG_ANALYZER_NUMBER_OBJECT_CONVERSION = YES_AGGRESSIVE;
				CLANG_CXX_LANGUAGE_STANDARD = "gnu++14";
				CLANG_CXX_LIBRARY = "libc++";
				CLANG_ENABLE_MODULES = YES;
				CLANG_ENABLE_OBJC_ARC = NO;
				CLANG_WARN_BLOCK_CAPTURE_AUTORELEASING = YES;
				CLANG_WARN_BOOL_CONVERSION = YES;
				CLANG_WARN_COMMA = YES;
				CLANG_WARN_CONSTANT_CONVERSION = YES;
				CLANG_WARN_DEPRECATED_OBJC_IMPLEMENTATIONS = YES;
				CLANG_WARN_DIRECT_OBJC_ISA_USAGE = YES_ERROR;
				CLANG_WARN_DOCUMENTATION_COMMENTS = YES;
				CLANG_WARN_EMPTY_BODY = YES;
				CLANG_WARN_ENUM_CONVERSION = YES;
				CLANG_WARN_INFINITE_RECURSION = YES;
				CLANG_WARN_INT_CONVERSION = YES;
				CLANG_WARN_NON_LITERAL_NULL_CONVERSION = YES;
				CLANG_WARN_OBJC_IMPLICIT_RETAIN_SELF = YES;
				CLANG_WARN_OBJC_LITERAL_CONVERSION = YES;
				CLANG_WARN_OBJC_ROOT_CLASS = YES_ERROR;
				CLANG_WARN_RANGE_LOOP_ANALYSIS = YES;
				CLANG_WARN_STRICT_PROTOTYPES = YES;
				CLANG_WARN_SUSPICIOUS_MOVE = YES;
				CLANG_WARN_UNREACHABLE_CODE = YES;
				CLANG_WARN__DUPLICATE_METHOD_MATCH = YES;
				CODE_SIGN_IDENTITY = "-";
				CONFIGURATION_BUILD_DIR = "$(PROJECT_DIR)/build/$(CONFIGURATION)$(EFFECTIVE_PLATFORM_NAME)";
				COPY_PHASE_STRIP = NO;
				DEBUG_INFORMATION_FORMAT = dwarf;
				ENABLE_STRICT_OBJC_MSGSEND = YES;
				ENABLE_TESTABILITY = YES;
				GCC_C_LANGUAGE_STANDARD = gnu99;
				GCC_DYNAMIC_NO_PIC = NO;
				GCC_NO_COMMON_BLOCKS = YES;
				GCC_OPTIMIZATION_LEVEL = 0;
				GCC_PREPROCESSOR_DEFINITIONS = (
					"DEBUG=1",
					"$(inherited)",
				);
				GCC_WARN_64_TO_32_BIT_CONVERSION = YES;
				GCC_WARN_ABOUT_RETURN_TYPE = YES_ERROR;
				GCC_WARN_UNDECLARED_SELECTOR = YES;
				GCC_WARN_UNINITIALIZED_AUTOS = YES_AGGRESSIVE;
				GCC_WARN_UNUSED_FUNCTION = YES;
				GCC_WARN_UNUSED_VARIABLE = YES;
				"HEADER_SEARCH_PATHS[arch=*]" = $PROJECT_DIR/..;
				MACOSX_DEPLOYMENT_TARGET = 10.12;
				MTL_ENABLE_DEBUG_INFO = YES;
				ONLY_ACTIVE_ARCH = YES;
				SDKROOT = macosx;
			};
			name = Debug;
		};
		34436D041F642A66004DD16E /* Release */ = {
			isa = XCBuildConfiguration;
			buildSettings = {
				ALWAYS_SEARCH_USER_PATHS = NO;
				CLANG_ANALYZER_LOCALIZABILITY_NONLOCALIZED = YES;
				CLANG_ANALYZER_NONNULL = YES;
				CLANG_ANALYZER_NUMBER_OBJECT_CONVERSION = YES_AGGRESSIVE;
				CLANG_CXX_LANGUAGE_STANDARD = "gnu++14";
				CLANG_CXX_LIBRARY = "libc++";
				CLANG_ENABLE_MODULES = YES;
				CLANG_ENABLE_OBJC_ARC = NO;
				CLANG_WARN_BLOCK_CAPTURE_AUTORELEASING = YES;
				CLANG_WARN_BOOL_CONVERSION = YES;
				CLANG_WARN_COMMA = YES;
				CLANG_WARN_CONSTANT_CONVERSION = YES;
				CLANG_WARN_DEPRECATED_OBJC_IMPLEMENTATIONS = YES;
				CLANG_WARN_DIRECT_OBJC_ISA_USAGE = YES_ERROR;
				CLANG_WARN_DOCUMENTATION_COMMENTS = YES;
				CLANG_WARN_EMPTY_BODY = YES;
				CLANG_WARN_ENUM_CONVERSION = YES;
				CLANG_WARN_INFINITE_RECURSION = YES;
				CLANG_WARN_INT_CONVERSION = YES;
				CLANG_WARN_NON_LITERAL_NULL_CONVERSION = YES;
				CLANG_WARN_OBJC_IMPLICIT_RETAIN_SELF = YES;
				CLANG_WARN_OBJC_LITERAL_CONVERSION = YES;
				CLANG_WARN_OBJC_ROOT_CLASS = YES_ERROR;
				CLANG_WARN_RANGE_LOOP_ANALYSIS = YES;
				CLANG_WARN_STRICT_PROTOTYPES = YES;
				CLANG_WARN_SUSPICIOUS_MOVE = YES;
				CLANG_WARN_UNREACHABLE_CODE = YES;
				CLANG_WARN__DUPLICATE_METHOD_MATCH = YES;
				CODE_SIGN_IDENTITY = "-";
				CONFIGURATION_BUILD_DIR = "$(PROJECT_DIR)/build/$(CONFIGURATION)$(EFFECTIVE_PLATFORM_NAME)";
				COPY_PHASE_STRIP = NO;
				DEBUG_INFORMATION_FORMAT = "dwarf-with-dsym";
				ENABLE_NS_ASSERTIONS = NO;
				ENABLE_STRICT_OBJC_MSGSEND = YES;
				GCC_C_LANGUAGE_STANDARD = gnu99;
				GCC_NO_COMMON_BLOCKS = YES;
				GCC_WARN_64_TO_32_BIT_CONVERSION = YES;
				GCC_WARN_ABOUT_RETURN_TYPE = YES_ERROR;
				GCC_WARN_UNDECLARED_SELECTOR = YES;
				GCC_WARN_UNINITIALIZED_AUTOS = YES_AGGRESSIVE;
				GCC_WARN_UNUSED_FUNCTION = YES;
				GCC_WARN_UNUSED_VARIABLE = YES;
				"HEADER_SEARCH_PATHS[arch=*]" = $PROJECT_DIR/..;
				MACOSX_DEPLOYMENT_TARGET = 10.12;
				MTL_ENABLE_DEBUG_INFO = NO;
				SDKROOT = macosx;
			};
			name = Release;
		};
		34436D061F642A66004DD16E /* Debug */ = {
			isa = XCBuildConfiguration;
			buildSettings = {
				ASSETCATALOG_COMPILER_APPICON_NAME = AppIcon;
				CLANG_ENABLE_OBJC_ARC = YES;
				COMBINE_HIDPI_IMAGES = YES;
				"HEADER_SEARCH_PATHS[arch=*]" = (
					$PROJECT_DIR/..,
					$PROJECT_DIR/../arctic,
				);
				INFOPLIST_FILE = Info.plist;
				LD_RUNPATH_SEARCH_PATHS = "$(inherited) @executable_path/../Frameworks";
				PRODUCT_BUNDLE_IDENTIFIER = Arctic.tiles;
				PRODUCT_NAME = "$(TARGET_NAME)";
			};
			name = Debug;
		};
		34436D071F642A66004DD16E /* Release */ = {
			isa = XCBuildConfiguration;
			buildSettings = {
				ASSETCATALOG_COMPILER_APPICON_NAME = AppIcon;
				CLANG_ENABLE_OBJC_ARC = YES;
				COMBINE_HIDPI_IMAGES = YES;
				"HEADER_SEARCH_PATHS[arch=*]" = (
					$PROJECT_DIR/..,
					$PROJECT_DIR/../arctic,
				);
				INFOPLIST_FILE = Info.plist;
				LD_RUNPATH_SEARCH_PATHS = "$(inherited) @executable_path/../Frameworks";
				PRODUCT_BUNDLE_IDENTIFIER = Arctic.tiles;
				PRODUCT_NAME = "$(TARGET_NAME)";
			};
			name = Release;
		};
/* End XCBuildConfiguration section */

/* Begin XCConfigurationList section */
		34436CEC1F642A66004DD16E /* Build configuration list for PBXProject "tiles" */ = {
			isa = XCConfigurationList;
			buildConfigurations = (
				34436D031F642A66004DD16E /* Debug */,
				34436D041F642A66004DD16E /* Release */,
			);
			defaultConfigurationIsVisible = 0;
			defaultConfigurationName = Release;
		};
		34436D051F642A66004DD16E /* Build configuration list for PBXNativeTarget "tiles" */ = {
			isa = XCConfigurationList;
			buildConfigurations = (
				34436D061F642A66004DD16E /* Debug */,
				34436D071F642A66004DD16E /* Release */,
			);
			defaultConfigurationIsVisible = 0;
			defaultConfigurationName = Release;
		};
/* End XCConfigurationList section */
	};
	rootObject = 34436CE91F642A66004DD16E /* Project object */;
}
